{
  "originHash" : "1bd2fb1d8a0b32ef90bc4bfa8c7862758e0a61bf4cef0340a2c34585078787ff",
  "pins" : [
    {
      "identity" : "pixelenginepackage",
      "kind" : "remoteSourceControl",
      "location" : "https://github.com/khanhuitse05/PixelEnginePackage",
      "state" : {
        "revision" : "d3eaf69accc4396f807fe8497efe03f4f33c5763",
        "version" : "1.0.0"
      }
    }
  ],
  "version" : 3
}
