// !$*UTF8*$!
{
	archiveVersion = 1;
	classes = {
	};
	objectVersion = 56;
	objects = {

/* Begin PBXBuildFile section */
		440236762DE84FF300913F63 /* ImageRenderer.swift in Sources */ = {isa = PBXBuildFile; fileRef = 440236752DE84FF300913F63 /* ImageRenderer.swift */; };
		440236922DE862FE00913F63 /* Number+Helpers.swift in Sources */ = {isa = PBXBuildFile; fileRef = 440236902DE862FE00913F63 /* Number+Helpers.swift */; };
		440236932DE862FE00913F63 /* UIColor + Utils.swift in Sources */ = {isa = PBXBuildFile; fileRef = 440236912DE862FE00913F63 /* UIColor + Utils.swift */; };
		440236942DE862FE00913F63 /* CGPoint + Helpers.swift in Sources */ = {isa = PBXBuildFile; fileRef = 4402368D2DE862FE00913F63 /* CGPoint + Helpers.swift */; };
		440236952DE862FE00913F63 /* CGRect + Helpers.swift in Sources */ = {isa = PBXBuildFile; fileRef = 4402368E2DE862FE00913F63 /* CGRect + Helpers.swift */; };
		440236962DE862FE00913F63 /* CGSize + Helpers.swift in Sources */ = {isa = PBXBuildFile; fileRef = 4402368F2DE862FE00913F63 /* CGSize + Helpers.swift */; };
		4402369B2DE867EA00913F63 /* PointShader.metal in Sources */ = {isa = PBXBuildFile; fileRef = 4402369A2DE867EA00913F63 /* PointShader.metal */; };
		4402369E2DE86D3A00913F63 /* Point.swift in Sources */ = {isa = PBXBuildFile; fileRef = 4402369D2DE86D3A00913F63 /* Point.swift */; };
		446115CA2E3896E300F3EC12 /* EditingStack.swift in Sources */ = {isa = PBXBuildFile; fileRef = 446115C92E3896E300F3EC12 /* EditingStack.swift */; };
		446115CC2E3899CC00F3EC12 /* LinkedList.swift in Sources */ = {isa = PBXBuildFile; fileRef = 446115CB2E3899CC00F3EC12 /* LinkedList.swift */; };
		446115CF2E46360900F3EC12 /* Stack.swift in Sources */ = {isa = PBXBuildFile; fileRef = 446115CE2E46360900F3EC12 /* Stack.swift */; };
		4464876A2E5B7BB4009E5BA4 /* LUTImageEngine.swift in Sources */ = {isa = PBXBuildFile; fileRef = 446487692E5B7BB4009E5BA4 /* LUTImageEngine.swift */; };
		4464876C2E5CE75B009E5BA4 /* NestedObservableObject.swift in Sources */ = {isa = PBXBuildFile; fileRef = 4464876B2E5CE75B009E5BA4 /* NestedObservableObject.swift */; };
		448800002E2297BF000F2CAF /* EditingControlsView.swift in Sources */ = {isa = PBXBuildFile; fileRef = 4488FFFF2E2297BF000F2CAF /* EditingControlsView.swift */; };
		448800022E229C95000F2CAF /* PhotoEditingViewModel.swift in Sources */ = {isa = PBXBuildFile; fileRef = 448800012E229C95000F2CAF /* PhotoEditingViewModel.swift */; };
		4488FFD12E16BB2C000F2CAF /* MetalContext.swift in Sources */ = {isa = PBXBuildFile; fileRef = 4488FFD02E16BB2C000F2CAF /* MetalContext.swift */; };
		4488FFD32E16BDC5000F2CAF /* ImageFilterContext.swift in Sources */ = {isa = PBXBuildFile; fileRef = 4488FFD22E16BDC5000F2CAF /* ImageFilterContext.swift */; };
		4488FFDD2E17DE26000F2CAF /* MTLCustromPhotoFilters.metal in Sources */ = {isa = PBXBuildFile; fileRef = 4488FFDC2E17DE26000F2CAF /* MTLCustromPhotoFilters.metal */; };
		4488FFF82E184419000F2CAF /* MTLCustomPhotoFilters.swift in Sources */ = {isa = PBXBuildFile; fileRef = 4488FFF72E184419000F2CAF /* MTLCustomPhotoFilters.swift */; };
		4488FFFB2E184B95000F2CAF /* DrawingRenderer.swift in Sources */ = {isa = PBXBuildFile; fileRef = 4488FFFA2E184B95000F2CAF /* DrawingRenderer.swift */; };
		4488FFFD2E184C52000F2CAF /* ImageTexture.swift in Sources */ = {isa = PBXBuildFile; fileRef = 4488FFFC2E184C52000F2CAF /* ImageTexture.swift */; };
		44A4856F2E2BC5E80006EB7A /* PixelEnginePackage in Frameworks */ = {isa = PBXBuildFile; productRef = 44A4856E2E2BC5E80006EB7A /* PixelEnginePackage */; };
		44A485722E2D6AEC0006EB7A /* LUTFilter.swift in Sources */ = {isa = PBXBuildFile; fileRef = 44A485712E2D6AEC0006EB7A /* LUTFilter.swift */; };
		44A485742E337FB90006EB7A /* LUTConverter.swift in Sources */ = {isa = PBXBuildFile; fileRef = 44A485732E337FB90006EB7A /* LUTConverter.swift */; };
		44AB10E62E292F8D00A6BDCC /* LUTExporter.swift in Sources */ = {isa = PBXBuildFile; fileRef = 44AB10E52E292F8D00A6BDCC /* LUTExporter.swift */; };
		44AB10E82E2BABBD00A6BDCC /* LUTCollection.swift in Sources */ = {isa = PBXBuildFile; fileRef = 44AB10E72E2BABBD00A6BDCC /* LUTCollection.swift */; };
		6434879A2D58849100C19CCF /* PhotoEditingScreenFactory.swift in Sources */ = {isa = PBXBuildFile; fileRef = 643487992D58849100C19CCF /* PhotoEditingScreenFactory.swift */; };
		6434879C2D5884A600C19CCF /* PhotoSelectionScreenFactory.swift in Sources */ = {isa = PBXBuildFile; fileRef = 6434879B2D5884A600C19CCF /* PhotoSelectionScreenFactory.swift */; };
		6434879F2D58894900C19CCF /* UsersPhotoCatalogViewModel.swift in Sources */ = {isa = PBXBuildFile; fileRef = 6434879E2D58894900C19CCF /* UsersPhotoCatalogViewModel.swift */; };
		643487A12D58896400C19CCF /* UsersPhotoCatalogView.swift in Sources */ = {isa = PBXBuildFile; fileRef = 643487A02D58896400C19CCF /* UsersPhotoCatalogView.swift */; };
		643487A32D5889E400C19CCF /* OtherUsersPhotoScreenFactory.swift in Sources */ = {isa = PBXBuildFile; fileRef = 643487A22D5889E400C19CCF /* OtherUsersPhotoScreenFactory.swift */; };
		644696162D5516410001DA58 /* AppDelegate.swift in Sources */ = {isa = PBXBuildFile; fileRef = 644696152D5516410001DA58 /* AppDelegate.swift */; };
		644696182D5516410001DA58 /* SceneDelegate.swift in Sources */ = {isa = PBXBuildFile; fileRef = 644696172D5516410001DA58 /* SceneDelegate.swift */; };
		6446961A2D5516410001DA58 /* ViewController.swift in Sources */ = {isa = PBXBuildFile; fileRef = 644696192D5516410001DA58 /* ViewController.swift */; };
		6446961D2D5516410001DA58 /* Base in Resources */ = {isa = PBXBuildFile; fileRef = 6446961C2D5516410001DA58 /* Base */; };
		6446962E2D5517200001DA58 /* AppFlowCoordinator.swift in Sources */ = {isa = PBXBuildFile; fileRef = 6446962D2D5517200001DA58 /* AppFlowCoordinator.swift */; };
		644696362D5517BC0001DA58 /* LaunchCoordinator.swift in Sources */ = {isa = PBXBuildFile; fileRef = 6446962F2D5517BC0001DA58 /* LaunchCoordinator.swift */; };
		644696382D5517BC0001DA58 /* PhotoSelectionCoordinator.swift in Sources */ = {isa = PBXBuildFile; fileRef = 644696312D5517BC0001DA58 /* PhotoSelectionCoordinator.swift */; };
		644696392D5517BC0001DA58 /* BaseCoordinator.swift in Sources */ = {isa = PBXBuildFile; fileRef = 644696322D5517BC0001DA58 /* BaseCoordinator.swift */; };
		6446963B2D5517BC0001DA58 /* ProfileCoordinator.swift in Sources */ = {isa = PBXBuildFile; fileRef = 644696342D5517BC0001DA58 /* ProfileCoordinator.swift */; };
		6446963C2D5517BC0001DA58 /* TabCoordinator.swift in Sources */ = {isa = PBXBuildFile; fileRef = 644696352D5517BC0001DA58 /* TabCoordinator.swift */; };
		644696412D5517CD0001DA58 /* Presentable.swift in Sources */ = {isa = PBXBuildFile; fileRef = 6446963D2D5517CD0001DA58 /* Presentable.swift */; };
		644696422D5517CD0001DA58 /* Routable.swift in Sources */ = {isa = PBXBuildFile; fileRef = 6446963E2D5517CD0001DA58 /* Routable.swift */; };
		644696432D5517CD0001DA58 /* Router.swift in Sources */ = {isa = PBXBuildFile; fileRef = 6446963F2D5517CD0001DA58 /* Router.swift */; };
		644696472D5517E10001DA58 /* MainScreenFactory.swift in Sources */ = {isa = PBXBuildFile; fileRef = 644696442D5517E10001DA58 /* MainScreenFactory.swift */; };
		644696482D5517E10001DA58 /* ScreensFactory.swift in Sources */ = {isa = PBXBuildFile; fileRef = 644696452D5517E10001DA58 /* ScreensFactory.swift */; };
		6446964F2D55180B0001DA58 /* UMobileApp.swift in Sources */ = {isa = PBXBuildFile; fileRef = 6446964A2D55180B0001DA58 /* UMobileApp.swift */; };
		644696502D55180B0001DA58 /* AppConfig.swift in Sources */ = {isa = PBXBuildFile; fileRef = 6446964B2D55180B0001DA58 /* AppConfig.swift */; };
		644696512D55180B0001DA58 /* AppEnvironment.swift in Sources */ = {isa = PBXBuildFile; fileRef = 6446964C2D55180B0001DA58 /* AppEnvironment.swift */; };
		644696532D55180B0001DA58 /* SystemEventsHandler.swift in Sources */ = {isa = PBXBuildFile; fileRef = 6446964E2D55180B0001DA58 /* SystemEventsHandler.swift */; };
		6446965F2D5518940001DA58 /* HelperAssembly.swift in Sources */ = {isa = PBXBuildFile; fileRef = 644696542D5518940001DA58 /* HelperAssembly.swift */; };
		644696602D5518940001DA58 /* ManagerAssembly.swift in Sources */ = {isa = PBXBuildFile; fileRef = 644696552D5518940001DA58 /* ManagerAssembly.swift */; };
		644696612D5518940001DA58 /* RepositoryAssembly.swift in Sources */ = {isa = PBXBuildFile; fileRef = 644696562D5518940001DA58 /* RepositoryAssembly.swift */; };
		644696622D5518940001DA58 /* ServicesAssembly.swift in Sources */ = {isa = PBXBuildFile; fileRef = 644696572D5518940001DA58 /* ServicesAssembly.swift */; };
		644696632D5518940001DA58 /* StorageAssembly.swift in Sources */ = {isa = PBXBuildFile; fileRef = 644696582D5518940001DA58 /* StorageAssembly.swift */; };
		644696642D5518940001DA58 /* UseCaseAssembly.swift in Sources */ = {isa = PBXBuildFile; fileRef = 644696592D5518940001DA58 /* UseCaseAssembly.swift */; };
		644696652D5518940001DA58 /* ViewAssembly.swift in Sources */ = {isa = PBXBuildFile; fileRef = 6446965A2D5518940001DA58 /* ViewAssembly.swift */; };
		644696662D5518940001DA58 /* ViewModelAssembly.swift in Sources */ = {isa = PBXBuildFile; fileRef = 6446965B2D5518940001DA58 /* ViewModelAssembly.swift */; };
		644696672D5518940001DA58 /* Dependency Provider.swift in Sources */ = {isa = PBXBuildFile; fileRef = 6446965D2D5518940001DA58 /* Dependency Provider.swift */; };
		6446967F2D551A3F0001DA58 /* UseCase.swift in Sources */ = {isa = PBXBuildFile; fileRef = 6446967C2D551A3F0001DA58 /* UseCase.swift */; };
		644696922D551A6C0001DA58 /* LogInterceptor.swift in Sources */ = {isa = PBXBuildFile; fileRef = 644696812D551A6C0001DA58 /* LogInterceptor.swift */; };
		644696932D551A6C0001DA58 /* ResponseInterceptor.swift in Sources */ = {isa = PBXBuildFile; fileRef = 644696822D551A6C0001DA58 /* ResponseInterceptor.swift */; };
		644696942D551A6C0001DA58 /* Requests.swift in Sources */ = {isa = PBXBuildFile; fileRef = 644696842D551A6C0001DA58 /* Requests.swift */; };
		644696952D551A6C0001DA58 /* Responses.swift in Sources */ = {isa = PBXBuildFile; fileRef = 644696852D551A6C0001DA58 /* Responses.swift */; };
		644696962D551A6C0001DA58 /* NetworkService.swift in Sources */ = {isa = PBXBuildFile; fileRef = 644696872D551A6C0001DA58 /* NetworkService.swift */; };
		644696972D551A6C0001DA58 /* Request.swift in Sources */ = {isa = PBXBuildFile; fileRef = 644696882D551A6C0001DA58 /* Request.swift */; };
		644696982D551A6C0001DA58 /* NetworkServiceImpl.swift in Sources */ = {isa = PBXBuildFile; fileRef = 6446968A2D551A6C0001DA58 /* NetworkServiceImpl.swift */; };
		644696992D551A6C0001DA58 /* ApiServiceFactory.swift in Sources */ = {isa = PBXBuildFile; fileRef = 6446968C2D551A6C0001DA58 /* ApiServiceFactory.swift */; };
		6446969A2D551A6C0001DA58 /* NetworkConfiguration.swift in Sources */ = {isa = PBXBuildFile; fileRef = 6446968D2D551A6C0001DA58 /* NetworkConfiguration.swift */; };
		6446969B2D551A6C0001DA58 /* NetworkRequestError.swift in Sources */ = {isa = PBXBuildFile; fileRef = 6446968E2D551A6C0001DA58 /* NetworkRequestError.swift */; };
		6446969C2D551A6C0001DA58 /* LoggingType.swift in Sources */ = {isa = PBXBuildFile; fileRef = 644696902D551A6C0001DA58 /* LoggingType.swift */; };
		644696A02D551ABB0001DA58 /* HostingController.swift in Sources */ = {isa = PBXBuildFile; fileRef = 6446969E2D551ABB0001DA58 /* HostingController.swift */; };
		644696A12D551ABB0001DA58 /* RootNavigationController.swift in Sources */ = {isa = PBXBuildFile; fileRef = 6446969F2D551ABB0001DA58 /* RootNavigationController.swift */; };
		644696A42D551AF80001DA58 /* RootNavigationViewModel.swift in Sources */ = {isa = PBXBuildFile; fileRef = 644696A32D551AF80001DA58 /* RootNavigationViewModel.swift */; };
		644696B22D551B250001DA58 /* AppButtonExt.swift in Sources */ = {isa = PBXBuildFile; fileRef = 644696A52D551B250001DA58 /* AppButtonExt.swift */; };
		644696B32D551B250001DA58 /* ColorExt.swift in Sources */ = {isa = PBXBuildFile; fileRef = 644696A62D551B250001DA58 /* ColorExt.swift */; };
		644696B42D551B250001DA58 /* Font.swift in Sources */ = {isa = PBXBuildFile; fileRef = 644696A72D551B250001DA58 /* Font.swift */; };
		644696B52D551B250001DA58 /* IntExt.swift in Sources */ = {isa = PBXBuildFile; fileRef = 644696A82D551B250001DA58 /* IntExt.swift */; };
		644696B62D551B250001DA58 /* Logger+Extensions.swift in Sources */ = {isa = PBXBuildFile; fileRef = 644696A92D551B250001DA58 /* Logger+Extensions.swift */; };
		644696B72D551B250001DA58 /* Modifiers.swift in Sources */ = {isa = PBXBuildFile; fileRef = 644696AA2D551B250001DA58 /* Modifiers.swift */; };
		644696B82D551B250001DA58 /* UIImage+Extensions.swift in Sources */ = {isa = PBXBuildFile; fileRef = 644696AB2D551B250001DA58 /* UIImage+Extensions.swift */; };
		644696B92D551B250001DA58 /* ViewControllerExt.swift in Sources */ = {isa = PBXBuildFile; fileRef = 644696AC2D551B250001DA58 /* ViewControllerExt.swift */; };
		644696BA2D551B250001DA58 /* ViewExt.swift in Sources */ = {isa = PBXBuildFile; fileRef = 644696AD2D551B250001DA58 /* ViewExt.swift */; };
		644696BB2D551B250001DA58 /* StateableButton.swift in Sources */ = {isa = PBXBuildFile; fileRef = 644696AF2D551B250001DA58 /* StateableButton.swift */; };
		644696CE2D551B6E0001DA58 /* ImageEditingView.swift in Sources */ = {isa = PBXBuildFile; fileRef = 644696BC2D551B6E0001DA58 /* ImageEditingView.swift */; };
		644696CF2D551B6E0001DA58 /* SUIImagePicker.swift in Sources */ = {isa = PBXBuildFile; fileRef = 644696BD2D551B6E0001DA58 /* SUIImagePicker.swift */; };
		644696D02D551B6E0001DA58 /* AppInputConfig.swift in Sources */ = {isa = PBXBuildFile; fileRef = 644696BF2D551B6E0001DA58 /* AppInputConfig.swift */; };
		644696D12D551B6E0001DA58 /* AppInput.swift in Sources */ = {isa = PBXBuildFile; fileRef = 644696C12D551B6E0001DA58 /* AppInput.swift */; };
		644696D22D551B6E0001DA58 /* AppTextarea.swift in Sources */ = {isa = PBXBuildFile; fileRef = 644696C22D551B6E0001DA58 /* AppTextarea.swift */; };
		644696D32D551B6E0001DA58 /* WrappedTextarea.swift in Sources */ = {isa = PBXBuildFile; fileRef = 644696C32D551B6E0001DA58 /* WrappedTextarea.swift */; };
		644696D42D551B6E0001DA58 /* AppBlur.swift in Sources */ = {isa = PBXBuildFile; fileRef = 644696C52D551B6E0001DA58 /* AppBlur.swift */; };
		644696D52D551B6E0001DA58 /* AppButton.swift in Sources */ = {isa = PBXBuildFile; fileRef = 644696C62D551B6E0001DA58 /* AppButton.swift */; };
		644696D62D551B6E0001DA58 /* AppCheckbox.swift in Sources */ = {isa = PBXBuildFile; fileRef = 644696C72D551B6E0001DA58 /* AppCheckbox.swift */; };
		644696D72D551B6E0001DA58 /* AppLoader.swift in Sources */ = {isa = PBXBuildFile; fileRef = 644696C82D551B6E0001DA58 /* AppLoader.swift */; };
		644696D82D551B6E0001DA58 /* AppPaginator.swift in Sources */ = {isa = PBXBuildFile; fileRef = 644696C92D551B6E0001DA58 /* AppPaginator.swift */; };
		644696D92D551B6E0001DA58 /* AppRadiobutton.swift in Sources */ = {isa = PBXBuildFile; fileRef = 644696CA2D551B6E0001DA58 /* AppRadiobutton.swift */; };
		644696DA2D551B6E0001DA58 /* AppSwitch.swift in Sources */ = {isa = PBXBuildFile; fileRef = 644696CB2D551B6E0001DA58 /* AppSwitch.swift */; };
		644696DB2D551B6E0001DA58 /* AppToggle.swift in Sources */ = {isa = PBXBuildFile; fileRef = 644696CC2D551B6E0001DA58 /* AppToggle.swift */; };
		644696EA2D551BCD0001DA58 /* Onest-Bold.ttf in Resources */ = {isa = PBXBuildFile; fileRef = 644696DC2D551BCD0001DA58 /* Onest-Bold.ttf */; };
		644696EB2D551BCD0001DA58 /* Onest-Regular.ttf in Resources */ = {isa = PBXBuildFile; fileRef = 644696DD2D551BCD0001DA58 /* Onest-Regular.ttf */; };
		644696EC2D551BCD0001DA58 /* ColorPalette.swift in Sources */ = {isa = PBXBuildFile; fileRef = 644696DF2D551BCD0001DA58 /* ColorPalette.swift */; };
		644696ED2D551BCD0001DA58 /* Image.swift in Sources */ = {isa = PBXBuildFile; fileRef = 644696E02D551BCD0001DA58 /* Image.swift */; };
		644696EE2D551BCD0001DA58 /* LocalStrings.swift in Sources */ = {isa = PBXBuildFile; fileRef = 644696E12D551BCD0001DA58 /* LocalStrings.swift */; };
		644696EF2D551BCD0001DA58 /* UIImage.swift in Sources */ = {isa = PBXBuildFile; fileRef = 644696E22D551BCD0001DA58 /* UIImage.swift */; };
		644696F02D551BCD0001DA58 /* Assets.xcassets in Resources */ = {isa = PBXBuildFile; fileRef = 644696E42D551BCD0001DA58 /* Assets.xcassets */; };
		644696F12D551BCD0001DA58 /* ColorPalette.xcassets in Resources */ = {isa = PBXBuildFile; fileRef = 644696E52D551BCD0001DA58 /* ColorPalette.xcassets */; };
		644696F22D551BCD0001DA58 /* LaunchScreen.storyboard in Resources */ = {isa = PBXBuildFile; fileRef = 644696E72D551BCD0001DA58 /* LaunchScreen.storyboard */; };
		644696F32D551BCD0001DA58 /* LocalStrings.strings in Resources */ = {isa = PBXBuildFile; fileRef = 644696E82D551BCD0001DA58 /* LocalStrings.strings */; };
		6454B3A42D57E42D004654B7 /* PhotoSelectionView.swift in Sources */ = {isa = PBXBuildFile; fileRef = 6454B3A32D57E42D004654B7 /* PhotoSelectionView.swift */; };
		6454B3A62D57E445004654B7 /* PhotoSelctionViewModel.swift in Sources */ = {isa = PBXBuildFile; fileRef = 6454B3A52D57E445004654B7 /* PhotoSelctionViewModel.swift */; };
		64604A342D66212800A7405A /* CIImage+Ext.swift in Sources */ = {isa = PBXBuildFile; fileRef = 64604A332D66212800A7405A /* CIImage+Ext.swift */; };
		64604A372D663E3B00A7405A /* FilterCollection.swift in Sources */ = {isa = PBXBuildFile; fileRef = 64604A362D663E3B00A7405A /* FilterCollection.swift */; };
		64604A392D663F1A00A7405A /* ImgFilter.swift in Sources */ = {isa = PBXBuildFile; fileRef = 64604A382D663F1A00A7405A /* ImgFilter.swift */; };
		64604A3B2D66533400A7405A /* FilterObject.swift in Sources */ = {isa = PBXBuildFile; fileRef = 64604A3A2D66533400A7405A /* FilterObject.swift */; };
		64604A3E2D66E6FE00A7405A /* FilterDataSource.swift in Sources */ = {isa = PBXBuildFile; fileRef = 64604A3D2D66E6FE00A7405A /* FilterDataSource.swift */; };
		646B9CE72D55214F00D14EDB /* TabBarController.swift in Sources */ = {isa = PBXBuildFile; fileRef = 646B9CE32D55214F00D14EDB /* TabBarController.swift */; };
		646B9CE82D55214F00D14EDB /* TabBarItemView.swift in Sources */ = {isa = PBXBuildFile; fileRef = 646B9CE42D55214F00D14EDB /* TabBarItemView.swift */; };
		646B9CE92D55214F00D14EDB /* TabBarView.swift in Sources */ = {isa = PBXBuildFile; fileRef = 646B9CE52D55214F00D14EDB /* TabBarView.swift */; };
		646B9CEB2D5521FE00D14EDB /* TabViewModel.swift in Sources */ = {isa = PBXBuildFile; fileRef = 646B9CEA2D5521FE00D14EDB /* TabViewModel.swift */; };
		646B9CFF2D56785000D14EDB /* FilterStandartIOSType.swift in Sources */ = {isa = PBXBuildFile; fileRef = 646B9CFE2D56785000D14EDB /* FilterStandartIOSType.swift */; };
		646B9D032D5696EC00D14EDB /* FiltersListViewModel.swift in Sources */ = {isa = PBXBuildFile; fileRef = 646B9D022D5696EC00D14EDB /* FiltersListViewModel.swift */; };
		646B9D052D56971700D14EDB /* FiltersListView.swift in Sources */ = {isa = PBXBuildFile; fileRef = 646B9D042D56971700D14EDB /* FiltersListView.swift */; };
		646B9D082D569E7A00D14EDB /* AppNavBar.swift in Sources */ = {isa = PBXBuildFile; fileRef = 646B9D072D569E7A00D14EDB /* AppNavBar.swift */; };
		646B9D0B2D57515500D14EDB /* ImageSaverSingleton.swift in Sources */ = {isa = PBXBuildFile; fileRef = 646B9D0A2D57515500D14EDB /* ImageSaverSingleton.swift */; };
		646B9D0D2D5754ED00D14EDB /* InfoPlist.xcstrings in Resources */ = {isa = PBXBuildFile; fileRef = 646B9D0C2D5754ED00D14EDB /* InfoPlist.xcstrings */; };
		649F5FFB2D64B28B006494D1 /* LaunchView.swift in Sources */ = {isa = PBXBuildFile; fileRef = 649F5FFA2D64B28B006494D1 /* LaunchView.swift */; };
		649F5FFD2D64B359006494D1 /* LaunchViewModel.swift in Sources */ = {isa = PBXBuildFile; fileRef = 649F5FFC2D64B359006494D1 /* LaunchViewModel.swift */; };
		649F5FFF2D64B443006494D1 /* LaunchScreenFactory.swift in Sources */ = {isa = PBXBuildFile; fileRef = 649F5FFE2D64B443006494D1 /* LaunchScreenFactory.swift */; };
		64EB68BD2DD1F7B800B1AB27 /* PhotoEditingViewController.swift in Sources */ = {isa = PBXBuildFile; fileRef = 64EB68BC2DD1F7B800B1AB27 /* PhotoEditingViewController.swift */; };
		64FD3CE42D5FDB6400478A42 /* OnboardingCoordinator.swift in Sources */ = {isa = PBXBuildFile; fileRef = 64FD3CE32D5FDB6400478A42 /* OnboardingCoordinator.swift */; };
		64FD3CE62D5FE24300478A42 /* ImageProcessor.swift in Sources */ = {isa = PBXBuildFile; fileRef = 64FD3CE52D5FE24300478A42 /* ImageProcessor.swift */; };
		9CC38A52350E7E18FA0FFBBA /* Pods_PhotoEditing_iOS.framework in Frameworks */ = {isa = PBXBuildFile; fileRef = C0F9826AD755896C502F55F0 /* Pods_PhotoEditing_iOS.framework */; };
/* End PBXBuildFile section */

/* Begin PBXFileReference section */
		2EF6464EB8B6AA2BB9F4364D /* Pods-PhotoEditing-iOS.release.xcconfig */ = {isa = PBXFileReference; includeInIndex = 1; lastKnownFileType = text.xcconfig; name = "Pods-PhotoEditing-iOS.release.xcconfig"; path = "Target Support Files/Pods-PhotoEditing-iOS/Pods-PhotoEditing-iOS.release.xcconfig"; sourceTree = "<group>"; };
		440236752DE84FF300913F63 /* ImageRenderer.swift */ = {isa = PBXFileReference; lastKnownFileType = sourcecode.swift; path = ImageRenderer.swift; sourceTree = "<group>"; };
		4402368D2DE862FE00913F63 /* CGPoint + Helpers.swift */ = {isa = PBXFileReference; lastKnownFileType = sourcecode.swift; path = "CGPoint + Helpers.swift"; sourceTree = "<group>"; };
		4402368E2DE862FE00913F63 /* CGRect + Helpers.swift */ = {isa = PBXFileReference; lastKnownFileType = sourcecode.swift; path = "CGRect + Helpers.swift"; sourceTree = "<group>"; };
		4402368F2DE862FE00913F63 /* CGSize + Helpers.swift */ = {isa = PBXFileReference; lastKnownFileType = sourcecode.swift; path = "CGSize + Helpers.swift"; sourceTree = "<group>"; };
		440236902DE862FE00913F63 /* Number+Helpers.swift */ = {isa = PBXFileReference; lastKnownFileType = sourcecode.swift; path = "Number+Helpers.swift"; sourceTree = "<group>"; };
		440236912DE862FE00913F63 /* UIColor + Utils.swift */ = {isa = PBXFileReference; lastKnownFileType = sourcecode.swift; path = "UIColor + Utils.swift"; sourceTree = "<group>"; };
		4402369A2DE867EA00913F63 /* PointShader.metal */ = {isa = PBXFileReference; lastKnownFileType = sourcecode.metal; path = PointShader.metal; sourceTree = "<group>"; };
		4402369D2DE86D3A00913F63 /* Point.swift */ = {isa = PBXFileReference; lastKnownFileType = sourcecode.swift; path = Point.swift; sourceTree = "<group>"; };
		446115C92E3896E300F3EC12 /* EditingStack.swift */ = {isa = PBXFileReference; lastKnownFileType = sourcecode.swift; path = EditingStack.swift; sourceTree = "<group>"; };
		446115CB2E3899CC00F3EC12 /* LinkedList.swift */ = {isa = PBXFileReference; lastKnownFileType = sourcecode.swift; path = LinkedList.swift; sourceTree = "<group>"; };
		446115CE2E46360900F3EC12 /* Stack.swift */ = {isa = PBXFileReference; lastKnownFileType = sourcecode.swift; path = Stack.swift; sourceTree = "<group>"; };
		446487692E5B7BB4009E5BA4 /* LUTImageEngine.swift */ = {isa = PBXFileReference; lastKnownFileType = sourcecode.swift; path = LUTImageEngine.swift; sourceTree = "<group>"; };
		4464876B2E5CE75B009E5BA4 /* NestedObservableObject.swift */ = {isa = PBXFileReference; lastKnownFileType = sourcecode.swift; path = NestedObservableObject.swift; sourceTree = "<group>"; };
		448800012E229C95000F2CAF /* PhotoEditingViewModel.swift */ = {isa = PBXFileReference; lastKnownFileType = sourcecode.swift; path = PhotoEditingViewModel.swift; sourceTree = "<group>"; };
		4488FFD02E16BB2C000F2CAF /* MetalContext.swift */ = {isa = PBXFileReference; lastKnownFileType = sourcecode.swift; path = MetalContext.swift; sourceTree = "<group>"; };
		4488FFD22E16BDC5000F2CAF /* ImageFilterContext.swift */ = {isa = PBXFileReference; lastKnownFileType = sourcecode.swift; path = ImageFilterContext.swift; sourceTree = "<group>"; };
		4488FFDC2E17DE26000F2CAF /* MTLCustromPhotoFilters.metal */ = {isa = PBXFileReference; lastKnownFileType = sourcecode.metal; path = MTLCustromPhotoFilters.metal; sourceTree = "<group>"; };
		4488FFF72E184419000F2CAF /* MTLCustomPhotoFilters.swift */ = {isa = PBXFileReference; lastKnownFileType = sourcecode.swift; path = MTLCustomPhotoFilters.swift; sourceTree = "<group>"; };
		4488FFFA2E184B95000F2CAF /* DrawingRenderer.swift */ = {isa = PBXFileReference; lastKnownFileType = sourcecode.swift; path = DrawingRenderer.swift; sourceTree = "<group>"; };
		4488FFFC2E184C52000F2CAF /* ImageTexture.swift */ = {isa = PBXFileReference; lastKnownFileType = sourcecode.swift; path = ImageTexture.swift; sourceTree = "<group>"; };
		4488FFFF2E2297BF000F2CAF /* EditingControlsView.swift */ = {isa = PBXFileReference; lastKnownFileType = sourcecode.swift; path = EditingControlsView.swift; sourceTree = "<group>"; };
		44A485712E2D6AEC0006EB7A /* LUTFilter.swift */ = {isa = PBXFileReference; lastKnownFileType = sourcecode.swift; path = LUTFilter.swift; sourceTree = "<group>"; };
		44A485732E337FB90006EB7A /* LUTConverter.swift */ = {isa = PBXFileReference; lastKnownFileType = sourcecode.swift; path = LUTConverter.swift; sourceTree = "<group>"; };
		44AB10E52E292F8D00A6BDCC /* LUTExporter.swift */ = {isa = PBXFileReference; lastKnownFileType = sourcecode.swift; path = LUTExporter.swift; sourceTree = "<group>"; };
		44AB10E72E2BABBD00A6BDCC /* LUTCollection.swift */ = {isa = PBXFileReference; lastKnownFileType = sourcecode.swift; path = LUTCollection.swift; sourceTree = "<group>"; };
		643487992D58849100C19CCF /* PhotoEditingScreenFactory.swift */ = {isa = PBXFileReference; lastKnownFileType = sourcecode.swift; path = PhotoEditingScreenFactory.swift; sourceTree = "<group>"; };
		6434879B2D5884A600C19CCF /* PhotoSelectionScreenFactory.swift */ = {isa = PBXFileReference; lastKnownFileType = sourcecode.swift; path = PhotoSelectionScreenFactory.swift; sourceTree = "<group>"; };
		6434879E2D58894900C19CCF /* UsersPhotoCatalogViewModel.swift */ = {isa = PBXFileReference; lastKnownFileType = sourcecode.swift; path = UsersPhotoCatalogViewModel.swift; sourceTree = "<group>"; };
		643487A02D58896400C19CCF /* UsersPhotoCatalogView.swift */ = {isa = PBXFileReference; lastKnownFileType = sourcecode.swift; path = UsersPhotoCatalogView.swift; sourceTree = "<group>"; };
		643487A22D5889E400C19CCF /* OtherUsersPhotoScreenFactory.swift */ = {isa = PBXFileReference; lastKnownFileType = sourcecode.swift; path = OtherUsersPhotoScreenFactory.swift; sourceTree = "<group>"; };
		644696122D5516410001DA58 /* PhotoEditing-iOS.app */ = {isa = PBXFileReference; explicitFileType = wrapper.application; includeInIndex = 0; path = "PhotoEditing-iOS.app"; sourceTree = BUILT_PRODUCTS_DIR; };
		644696152D5516410001DA58 /* AppDelegate.swift */ = {isa = PBXFileReference; lastKnownFileType = sourcecode.swift; path = AppDelegate.swift; sourceTree = "<group>"; };
		644696172D5516410001DA58 /* SceneDelegate.swift */ = {isa = PBXFileReference; lastKnownFileType = sourcecode.swift; path = SceneDelegate.swift; sourceTree = "<group>"; };
		644696192D5516410001DA58 /* ViewController.swift */ = {isa = PBXFileReference; lastKnownFileType = sourcecode.swift; path = ViewController.swift; sourceTree = "<group>"; };
		6446961C2D5516410001DA58 /* Base */ = {isa = PBXFileReference; lastKnownFileType = file.storyboard; name = Base; path = Base.lproj/Main.storyboard; sourceTree = "<group>"; };
		644696232D5516420001DA58 /* Info.plist */ = {isa = PBXFileReference; lastKnownFileType = text.plist.xml; path = Info.plist; sourceTree = "<group>"; };
		6446962D2D5517200001DA58 /* AppFlowCoordinator.swift */ = {isa = PBXFileReference; lastKnownFileType = sourcecode.swift; path = AppFlowCoordinator.swift; sourceTree = "<group>"; };
		6446962F2D5517BC0001DA58 /* LaunchCoordinator.swift */ = {isa = PBXFileReference; fileEncoding = 4; lastKnownFileType = sourcecode.swift; path = LaunchCoordinator.swift; sourceTree = "<group>"; };
		644696312D5517BC0001DA58 /* PhotoSelectionCoordinator.swift */ = {isa = PBXFileReference; fileEncoding = 4; lastKnownFileType = sourcecode.swift; path = PhotoSelectionCoordinator.swift; sourceTree = "<group>"; };
		644696322D5517BC0001DA58 /* BaseCoordinator.swift */ = {isa = PBXFileReference; fileEncoding = 4; lastKnownFileType = sourcecode.swift; path = BaseCoordinator.swift; sourceTree = "<group>"; };
		644696342D5517BC0001DA58 /* ProfileCoordinator.swift */ = {isa = PBXFileReference; fileEncoding = 4; lastKnownFileType = sourcecode.swift; path = ProfileCoordinator.swift; sourceTree = "<group>"; };
		644696352D5517BC0001DA58 /* TabCoordinator.swift */ = {isa = PBXFileReference; fileEncoding = 4; lastKnownFileType = sourcecode.swift; path = TabCoordinator.swift; sourceTree = "<group>"; };
		6446963D2D5517CD0001DA58 /* Presentable.swift */ = {isa = PBXFileReference; fileEncoding = 4; lastKnownFileType = sourcecode.swift; path = Presentable.swift; sourceTree = "<group>"; };
		6446963E2D5517CD0001DA58 /* Routable.swift */ = {isa = PBXFileReference; fileEncoding = 4; lastKnownFileType = sourcecode.swift; path = Routable.swift; sourceTree = "<group>"; };
		6446963F2D5517CD0001DA58 /* Router.swift */ = {isa = PBXFileReference; fileEncoding = 4; lastKnownFileType = sourcecode.swift; path = Router.swift; sourceTree = "<group>"; };
		644696442D5517E10001DA58 /* MainScreenFactory.swift */ = {isa = PBXFileReference; fileEncoding = 4; lastKnownFileType = sourcecode.swift; path = MainScreenFactory.swift; sourceTree = "<group>"; };
		644696452D5517E10001DA58 /* ScreensFactory.swift */ = {isa = PBXFileReference; fileEncoding = 4; lastKnownFileType = sourcecode.swift; path = ScreensFactory.swift; sourceTree = "<group>"; };
		6446964A2D55180B0001DA58 /* UMobileApp.swift */ = {isa = PBXFileReference; fileEncoding = 4; lastKnownFileType = sourcecode.swift; path = UMobileApp.swift; sourceTree = "<group>"; };
		6446964B2D55180B0001DA58 /* AppConfig.swift */ = {isa = PBXFileReference; fileEncoding = 4; lastKnownFileType = sourcecode.swift; path = AppConfig.swift; sourceTree = "<group>"; };
		6446964C2D55180B0001DA58 /* AppEnvironment.swift */ = {isa = PBXFileReference; fileEncoding = 4; lastKnownFileType = sourcecode.swift; path = AppEnvironment.swift; sourceTree = "<group>"; };
		6446964E2D55180B0001DA58 /* SystemEventsHandler.swift */ = {isa = PBXFileReference; fileEncoding = 4; lastKnownFileType = sourcecode.swift; path = SystemEventsHandler.swift; sourceTree = "<group>"; };
		644696542D5518940001DA58 /* HelperAssembly.swift */ = {isa = PBXFileReference; fileEncoding = 4; lastKnownFileType = sourcecode.swift; path = HelperAssembly.swift; sourceTree = "<group>"; };
		644696552D5518940001DA58 /* ManagerAssembly.swift */ = {isa = PBXFileReference; fileEncoding = 4; lastKnownFileType = sourcecode.swift; path = ManagerAssembly.swift; sourceTree = "<group>"; };
		644696562D5518940001DA58 /* RepositoryAssembly.swift */ = {isa = PBXFileReference; fileEncoding = 4; lastKnownFileType = sourcecode.swift; path = RepositoryAssembly.swift; sourceTree = "<group>"; };
		644696572D5518940001DA58 /* ServicesAssembly.swift */ = {isa = PBXFileReference; fileEncoding = 4; lastKnownFileType = sourcecode.swift; path = ServicesAssembly.swift; sourceTree = "<group>"; };
		644696582D5518940001DA58 /* StorageAssembly.swift */ = {isa = PBXFileReference; fileEncoding = 4; lastKnownFileType = sourcecode.swift; path = StorageAssembly.swift; sourceTree = "<group>"; };
		644696592D5518940001DA58 /* UseCaseAssembly.swift */ = {isa = PBXFileReference; fileEncoding = 4; lastKnownFileType = sourcecode.swift; path = UseCaseAssembly.swift; sourceTree = "<group>"; };
		6446965A2D5518940001DA58 /* ViewAssembly.swift */ = {isa = PBXFileReference; fileEncoding = 4; lastKnownFileType = sourcecode.swift; path = ViewAssembly.swift; sourceTree = "<group>"; };
		6446965B2D5518940001DA58 /* ViewModelAssembly.swift */ = {isa = PBXFileReference; fileEncoding = 4; lastKnownFileType = sourcecode.swift; path = ViewModelAssembly.swift; sourceTree = "<group>"; };
		6446965D2D5518940001DA58 /* Dependency Provider.swift */ = {isa = PBXFileReference; fileEncoding = 4; lastKnownFileType = sourcecode.swift; path = "Dependency Provider.swift"; sourceTree = "<group>"; };
		6446967C2D551A3F0001DA58 /* UseCase.swift */ = {isa = PBXFileReference; fileEncoding = 4; lastKnownFileType = sourcecode.swift; path = UseCase.swift; sourceTree = "<group>"; };
		644696812D551A6C0001DA58 /* LogInterceptor.swift */ = {isa = PBXFileReference; fileEncoding = 4; lastKnownFileType = sourcecode.swift; path = LogInterceptor.swift; sourceTree = "<group>"; };
		644696822D551A6C0001DA58 /* ResponseInterceptor.swift */ = {isa = PBXFileReference; fileEncoding = 4; lastKnownFileType = sourcecode.swift; path = ResponseInterceptor.swift; sourceTree = "<group>"; };
		644696842D551A6C0001DA58 /* Requests.swift */ = {isa = PBXFileReference; fileEncoding = 4; lastKnownFileType = sourcecode.swift; path = Requests.swift; sourceTree = "<group>"; };
		644696852D551A6C0001DA58 /* Responses.swift */ = {isa = PBXFileReference; fileEncoding = 4; lastKnownFileType = sourcecode.swift; path = Responses.swift; sourceTree = "<group>"; };
		644696872D551A6C0001DA58 /* NetworkService.swift */ = {isa = PBXFileReference; fileEncoding = 4; lastKnownFileType = sourcecode.swift; path = NetworkService.swift; sourceTree = "<group>"; };
		644696882D551A6C0001DA58 /* Request.swift */ = {isa = PBXFileReference; fileEncoding = 4; lastKnownFileType = sourcecode.swift; path = Request.swift; sourceTree = "<group>"; };
		6446968A2D551A6C0001DA58 /* NetworkServiceImpl.swift */ = {isa = PBXFileReference; fileEncoding = 4; lastKnownFileType = sourcecode.swift; path = NetworkServiceImpl.swift; sourceTree = "<group>"; };
		6446968C2D551A6C0001DA58 /* ApiServiceFactory.swift */ = {isa = PBXFileReference; fileEncoding = 4; lastKnownFileType = sourcecode.swift; path = ApiServiceFactory.swift; sourceTree = "<group>"; };
		6446968D2D551A6C0001DA58 /* NetworkConfiguration.swift */ = {isa = PBXFileReference; fileEncoding = 4; lastKnownFileType = sourcecode.swift; path = NetworkConfiguration.swift; sourceTree = "<group>"; };
		6446968E2D551A6C0001DA58 /* NetworkRequestError.swift */ = {isa = PBXFileReference; fileEncoding = 4; lastKnownFileType = sourcecode.swift; path = NetworkRequestError.swift; sourceTree = "<group>"; };
		644696902D551A6C0001DA58 /* LoggingType.swift */ = {isa = PBXFileReference; fileEncoding = 4; lastKnownFileType = sourcecode.swift; path = LoggingType.swift; sourceTree = "<group>"; };
		6446969E2D551ABB0001DA58 /* HostingController.swift */ = {isa = PBXFileReference; fileEncoding = 4; lastKnownFileType = sourcecode.swift; path = HostingController.swift; sourceTree = "<group>"; };
		6446969F2D551ABB0001DA58 /* RootNavigationController.swift */ = {isa = PBXFileReference; fileEncoding = 4; lastKnownFileType = sourcecode.swift; path = RootNavigationController.swift; sourceTree = "<group>"; };
		644696A32D551AF80001DA58 /* RootNavigationViewModel.swift */ = {isa = PBXFileReference; fileEncoding = 4; lastKnownFileType = sourcecode.swift; path = RootNavigationViewModel.swift; sourceTree = "<group>"; };
		644696A52D551B250001DA58 /* AppButtonExt.swift */ = {isa = PBXFileReference; fileEncoding = 4; lastKnownFileType = sourcecode.swift; path = AppButtonExt.swift; sourceTree = "<group>"; };
		644696A62D551B250001DA58 /* ColorExt.swift */ = {isa = PBXFileReference; fileEncoding = 4; lastKnownFileType = sourcecode.swift; path = ColorExt.swift; sourceTree = "<group>"; };
		644696A72D551B250001DA58 /* Font.swift */ = {isa = PBXFileReference; fileEncoding = 4; lastKnownFileType = sourcecode.swift; path = Font.swift; sourceTree = "<group>"; };
		644696A82D551B250001DA58 /* IntExt.swift */ = {isa = PBXFileReference; fileEncoding = 4; lastKnownFileType = sourcecode.swift; path = IntExt.swift; sourceTree = "<group>"; };
		644696A92D551B250001DA58 /* Logger+Extensions.swift */ = {isa = PBXFileReference; fileEncoding = 4; lastKnownFileType = sourcecode.swift; path = "Logger+Extensions.swift"; sourceTree = "<group>"; };
		644696AA2D551B250001DA58 /* Modifiers.swift */ = {isa = PBXFileReference; fileEncoding = 4; lastKnownFileType = sourcecode.swift; path = Modifiers.swift; sourceTree = "<group>"; };
		644696AB2D551B250001DA58 /* UIImage+Extensions.swift */ = {isa = PBXFileReference; fileEncoding = 4; lastKnownFileType = sourcecode.swift; path = "UIImage+Extensions.swift"; sourceTree = "<group>"; };
		644696AC2D551B250001DA58 /* ViewControllerExt.swift */ = {isa = PBXFileReference; fileEncoding = 4; lastKnownFileType = sourcecode.swift; path = ViewControllerExt.swift; sourceTree = "<group>"; };
		644696AD2D551B250001DA58 /* ViewExt.swift */ = {isa = PBXFileReference; fileEncoding = 4; lastKnownFileType = sourcecode.swift; path = ViewExt.swift; sourceTree = "<group>"; };
		644696AF2D551B250001DA58 /* StateableButton.swift */ = {isa = PBXFileReference; fileEncoding = 4; lastKnownFileType = sourcecode.swift; path = StateableButton.swift; sourceTree = "<group>"; };
		644696BC2D551B6E0001DA58 /* ImageEditingView.swift */ = {isa = PBXFileReference; fileEncoding = 4; lastKnownFileType = sourcecode.swift; path = ImageEditingView.swift; sourceTree = "<group>"; };
		644696BD2D551B6E0001DA58 /* SUIImagePicker.swift */ = {isa = PBXFileReference; fileEncoding = 4; lastKnownFileType = sourcecode.swift; path = SUIImagePicker.swift; sourceTree = "<group>"; };
		644696BF2D551B6E0001DA58 /* AppInputConfig.swift */ = {isa = PBXFileReference; fileEncoding = 4; lastKnownFileType = sourcecode.swift; path = AppInputConfig.swift; sourceTree = "<group>"; };
		644696C12D551B6E0001DA58 /* AppInput.swift */ = {isa = PBXFileReference; fileEncoding = 4; lastKnownFileType = sourcecode.swift; path = AppInput.swift; sourceTree = "<group>"; };
		644696C22D551B6E0001DA58 /* AppTextarea.swift */ = {isa = PBXFileReference; fileEncoding = 4; lastKnownFileType = sourcecode.swift; path = AppTextarea.swift; sourceTree = "<group>"; };
		644696C32D551B6E0001DA58 /* WrappedTextarea.swift */ = {isa = PBXFileReference; fileEncoding = 4; lastKnownFileType = sourcecode.swift; path = WrappedTextarea.swift; sourceTree = "<group>"; };
		644696C52D551B6E0001DA58 /* AppBlur.swift */ = {isa = PBXFileReference; fileEncoding = 4; lastKnownFileType = sourcecode.swift; path = AppBlur.swift; sourceTree = "<group>"; };
		644696C62D551B6E0001DA58 /* AppButton.swift */ = {isa = PBXFileReference; fileEncoding = 4; lastKnownFileType = sourcecode.swift; path = AppButton.swift; sourceTree = "<group>"; };
		644696C72D551B6E0001DA58 /* AppCheckbox.swift */ = {isa = PBXFileReference; fileEncoding = 4; lastKnownFileType = sourcecode.swift; path = AppCheckbox.swift; sourceTree = "<group>"; };
		644696C82D551B6E0001DA58 /* AppLoader.swift */ = {isa = PBXFileReference; fileEncoding = 4; lastKnownFileType = sourcecode.swift; path = AppLoader.swift; sourceTree = "<group>"; };
		644696C92D551B6E0001DA58 /* AppPaginator.swift */ = {isa = PBXFileReference; fileEncoding = 4; lastKnownFileType = sourcecode.swift; path = AppPaginator.swift; sourceTree = "<group>"; };
		644696CA2D551B6E0001DA58 /* AppRadiobutton.swift */ = {isa = PBXFileReference; fileEncoding = 4; lastKnownFileType = sourcecode.swift; path = AppRadiobutton.swift; sourceTree = "<group>"; };
		644696CB2D551B6E0001DA58 /* AppSwitch.swift */ = {isa = PBXFileReference; fileEncoding = 4; lastKnownFileType = sourcecode.swift; path = AppSwitch.swift; sourceTree = "<group>"; };
		644696CC2D551B6E0001DA58 /* AppToggle.swift */ = {isa = PBXFileReference; fileEncoding = 4; lastKnownFileType = sourcecode.swift; path = AppToggle.swift; sourceTree = "<group>"; };
		644696DC2D551BCD0001DA58 /* Onest-Bold.ttf */ = {isa = PBXFileReference; lastKnownFileType = file; path = "Onest-Bold.ttf"; sourceTree = "<group>"; };
		644696DD2D551BCD0001DA58 /* Onest-Regular.ttf */ = {isa = PBXFileReference; lastKnownFileType = file; path = "Onest-Regular.ttf"; sourceTree = "<group>"; };
		644696DF2D551BCD0001DA58 /* ColorPalette.swift */ = {isa = PBXFileReference; fileEncoding = 4; lastKnownFileType = sourcecode.swift; path = ColorPalette.swift; sourceTree = "<group>"; };
		644696E02D551BCD0001DA58 /* Image.swift */ = {isa = PBXFileReference; fileEncoding = 4; lastKnownFileType = sourcecode.swift; path = Image.swift; sourceTree = "<group>"; };
		644696E12D551BCD0001DA58 /* LocalStrings.swift */ = {isa = PBXFileReference; fileEncoding = 4; lastKnownFileType = sourcecode.swift; path = LocalStrings.swift; sourceTree = "<group>"; };
		644696E22D551BCD0001DA58 /* UIImage.swift */ = {isa = PBXFileReference; fileEncoding = 4; lastKnownFileType = sourcecode.swift; path = UIImage.swift; sourceTree = "<group>"; };
		644696E42D551BCD0001DA58 /* Assets.xcassets */ = {isa = PBXFileReference; lastKnownFileType = folder.assetcatalog; path = Assets.xcassets; sourceTree = "<group>"; };
		644696E52D551BCD0001DA58 /* ColorPalette.xcassets */ = {isa = PBXFileReference; lastKnownFileType = folder.assetcatalog; path = ColorPalette.xcassets; sourceTree = "<group>"; };
		644696E62D551BCD0001DA58 /* Base */ = {isa = PBXFileReference; lastKnownFileType = file.storyboard; name = Base; path = Base.lproj/LaunchScreen.storyboard; sourceTree = "<group>"; };
		644696E82D551BCD0001DA58 /* LocalStrings.strings */ = {isa = PBXFileReference; fileEncoding = 4; lastKnownFileType = text.plist.strings; path = LocalStrings.strings; sourceTree = "<group>"; };
		6454B3A32D57E42D004654B7 /* PhotoSelectionView.swift */ = {isa = PBXFileReference; lastKnownFileType = sourcecode.swift; path = PhotoSelectionView.swift; sourceTree = "<group>"; };
		6454B3A52D57E445004654B7 /* PhotoSelctionViewModel.swift */ = {isa = PBXFileReference; lastKnownFileType = sourcecode.swift; path = PhotoSelctionViewModel.swift; sourceTree = "<group>"; };
		64604A332D66212800A7405A /* CIImage+Ext.swift */ = {isa = PBXFileReference; lastKnownFileType = sourcecode.swift; path = "CIImage+Ext.swift"; sourceTree = "<group>"; };
		64604A362D663E3B00A7405A /* FilterCollection.swift */ = {isa = PBXFileReference; lastKnownFileType = sourcecode.swift; path = FilterCollection.swift; sourceTree = "<group>"; };
		64604A382D663F1A00A7405A /* ImgFilter.swift */ = {isa = PBXFileReference; lastKnownFileType = sourcecode.swift; path = ImgFilter.swift; sourceTree = "<group>"; };
		64604A3A2D66533400A7405A /* FilterObject.swift */ = {isa = PBXFileReference; lastKnownFileType = sourcecode.swift; path = FilterObject.swift; sourceTree = "<group>"; };
		64604A3D2D66E6FE00A7405A /* FilterDataSource.swift */ = {isa = PBXFileReference; lastKnownFileType = sourcecode.swift; path = FilterDataSource.swift; sourceTree = "<group>"; };
		646B9CE32D55214F00D14EDB /* TabBarController.swift */ = {isa = PBXFileReference; fileEncoding = 4; lastKnownFileType = sourcecode.swift; path = TabBarController.swift; sourceTree = "<group>"; };
		646B9CE42D55214F00D14EDB /* TabBarItemView.swift */ = {isa = PBXFileReference; fileEncoding = 4; lastKnownFileType = sourcecode.swift; path = TabBarItemView.swift; sourceTree = "<group>"; };
		646B9CE52D55214F00D14EDB /* TabBarView.swift */ = {isa = PBXFileReference; fileEncoding = 4; lastKnownFileType = sourcecode.swift; path = TabBarView.swift; sourceTree = "<group>"; };
		646B9CEA2D5521FE00D14EDB /* TabViewModel.swift */ = {isa = PBXFileReference; fileEncoding = 4; lastKnownFileType = sourcecode.swift; path = TabViewModel.swift; sourceTree = "<group>"; };
		646B9CFE2D56785000D14EDB /* FilterStandartIOSType.swift */ = {isa = PBXFileReference; lastKnownFileType = sourcecode.swift; path = FilterStandartIOSType.swift; sourceTree = "<group>"; };
		646B9D022D5696EC00D14EDB /* FiltersListViewModel.swift */ = {isa = PBXFileReference; lastKnownFileType = sourcecode.swift; path = FiltersListViewModel.swift; sourceTree = "<group>"; };
		646B9D042D56971700D14EDB /* FiltersListView.swift */ = {isa = PBXFileReference; lastKnownFileType = sourcecode.swift; path = FiltersListView.swift; sourceTree = "<group>"; };
		646B9D072D569E7A00D14EDB /* AppNavBar.swift */ = {isa = PBXFileReference; lastKnownFileType = sourcecode.swift; path = AppNavBar.swift; sourceTree = "<group>"; };
		646B9D0A2D57515500D14EDB /* ImageSaverSingleton.swift */ = {isa = PBXFileReference; lastKnownFileType = sourcecode.swift; path = ImageSaverSingleton.swift; sourceTree = "<group>"; };
		646B9D0C2D5754ED00D14EDB /* InfoPlist.xcstrings */ = {isa = PBXFileReference; lastKnownFileType = text.json.xcstrings; path = InfoPlist.xcstrings; sourceTree = "<group>"; };
		649F5FFA2D64B28B006494D1 /* LaunchView.swift */ = {isa = PBXFileReference; lastKnownFileType = sourcecode.swift; path = LaunchView.swift; sourceTree = "<group>"; };
		649F5FFC2D64B359006494D1 /* LaunchViewModel.swift */ = {isa = PBXFileReference; lastKnownFileType = sourcecode.swift; path = LaunchViewModel.swift; sourceTree = "<group>"; };
		649F5FFE2D64B443006494D1 /* LaunchScreenFactory.swift */ = {isa = PBXFileReference; lastKnownFileType = sourcecode.swift; path = LaunchScreenFactory.swift; sourceTree = "<group>"; };
		64EB68BC2DD1F7B800B1AB27 /* PhotoEditingViewController.swift */ = {isa = PBXFileReference; lastKnownFileType = sourcecode.swift; path = PhotoEditingViewController.swift; sourceTree = "<group>"; };
		64FD3CE32D5FDB6400478A42 /* OnboardingCoordinator.swift */ = {isa = PBXFileReference; lastKnownFileType = sourcecode.swift; path = OnboardingCoordinator.swift; sourceTree = "<group>"; };
		64FD3CE52D5FE24300478A42 /* ImageProcessor.swift */ = {isa = PBXFileReference; lastKnownFileType = sourcecode.swift; path = ImageProcessor.swift; sourceTree = "<group>"; };
		C0F9826AD755896C502F55F0 /* Pods_PhotoEditing_iOS.framework */ = {isa = PBXFileReference; explicitFileType = wrapper.framework; includeInIndex = 0; path = Pods_PhotoEditing_iOS.framework; sourceTree = BUILT_PRODUCTS_DIR; };
		EA62B3F1387337CD58BBE7A6 /* Pods-PhotoEditing-iOS.debug.xcconfig */ = {isa = PBXFileReference; includeInIndex = 1; lastKnownFileType = text.xcconfig; name = "Pods-PhotoEditing-iOS.debug.xcconfig"; path = "Target Support Files/Pods-PhotoEditing-iOS/Pods-PhotoEditing-iOS.debug.xcconfig"; sourceTree = "<group>"; };
/* End PBXFileReference section */

/* Begin PBXFrameworksBuildPhase section */
		6446960F2D5516410001DA58 /* Frameworks */ = {
			isa = PBXFrameworksBuildPhase;
			buildActionMask = 2147483647;
			files = (
				44A4856F2E2BC5E80006EB7A /* PixelEnginePackage in Frameworks */,
				9CC38A52350E7E18FA0FFBBA /* Pods_PhotoEditing_iOS.framework in Frameworks */,
			);
			runOnlyForDeploymentPostprocessing = 0;
		};
/* End PBXFrameworksBuildPhase section */

/* Begin PBXGroup section */
		440236822DE862DF00913F63 /* Ext */ = {
			isa = PBXGroup;
			children = (
				64604A332D66212800A7405A /* CIImage+Ext.swift */,
				4402368D2DE862FE00913F63 /* CGPoint + Helpers.swift */,
				4402368E2DE862FE00913F63 /* CGRect + Helpers.swift */,
				4402368F2DE862FE00913F63 /* CGSize + Helpers.swift */,
				440236902DE862FE00913F63 /* Number+Helpers.swift */,
				440236912DE862FE00913F63 /* UIColor + Utils.swift */,
			);
			path = Ext;
			sourceTree = "<group>";
		};
		440236992DE867DE00913F63 /* Shaders */ = {
			isa = PBXGroup;
			children = (
				4402369A2DE867EA00913F63 /* PointShader.metal */,
				4488FFDC2E17DE26000F2CAF /* MTLCustromPhotoFilters.metal */,
			);
			path = Shaders;
			sourceTree = "<group>";
		};
		4402369C2DE86D2A00913F63 /* DataStrucutres */ = {
			isa = PBXGroup;
			children = (
				4402369D2DE86D3A00913F63 /* Point.swift */,
				4488FFFC2E184C52000F2CAF /* ImageTexture.swift */,
			);
			path = DataStrucutres;
			sourceTree = "<group>";
		};
		446115C82E3896D400F3EC12 /* EditingStack */ = {
			isa = PBXGroup;
			children = (
				446115C92E3896E300F3EC12 /* EditingStack.swift */,
				446115CB2E3899CC00F3EC12 /* LinkedList.swift */,
				446115CE2E46360900F3EC12 /* Stack.swift */,
			);
			path = EditingStack;
			sourceTree = "<group>";
		};
		446115CD2E45291500F3EC12 /* Feature */ = {
			isa = PBXGroup;
			children = (
				446115E92E4658D100F3EC12 /* Launch */,
				446115E82E4658C200F3EC12 /* Main */,
			);
			path = Feature;
			sourceTree = "<group>";
		};
		446115D02E464BEB00F3EC12 /* RepoImpl */ = {
			isa = PBXGroup;
			children = (
			);
			path = RepoImpl;
			sourceTree = "<group>";
		};
		446115E82E4658C200F3EC12 /* Main */ = {
			isa = PBXGroup;
			children = (
				6454B3A22D57E402004654B7 /* PhotoSelectionView */,
				646B9CF52D56540500D14EDB /* PhotoEditingView */,
			);
			path = Main;
			sourceTree = "<group>";
		};
		446115E92E4658D100F3EC12 /* Launch */ = {
			isa = PBXGroup;
			children = (
				649F5FFA2D64B28B006494D1 /* LaunchView.swift */,
				649F5FFC2D64B359006494D1 /* LaunchViewModel.swift */,
			);
			path = Launch;
			sourceTree = "<group>";
		};
		4488FFF62E184402000F2CAF /* CustomFilters */ = {
			isa = PBXGroup;
			children = (
				4488FFF72E184419000F2CAF /* MTLCustomPhotoFilters.swift */,
			);
			path = CustomFilters;
			sourceTree = "<group>";
		};
		4488FFF92E184B84000F2CAF /* Renderers */ = {
			isa = PBXGroup;
			children = (
				440236752DE84FF300913F63 /* ImageRenderer.swift */,
				4488FFFA2E184B95000F2CAF /* DrawingRenderer.swift */,
			);
			path = Renderers;
			sourceTree = "<group>";
		};
		44AB10E42E292ED100A6BDCC /* CoreImageLUT */ = {
			isa = PBXGroup;
			children = (
				446487692E5B7BB4009E5BA4 /* LUTImageEngine.swift */,
				44AB10E52E292F8D00A6BDCC /* LUTExporter.swift */,
				44AB10E72E2BABBD00A6BDCC /* LUTCollection.swift */,
				44A485712E2D6AEC0006EB7A /* LUTFilter.swift */,
				44A485732E337FB90006EB7A /* LUTConverter.swift */,
			);
			path = CoreImageLUT;
			sourceTree = "<group>";
		};
		6434879D2D58893100C19CCF /* OthersUsersPhotoCatalog */ = {
			isa = PBXGroup;
			children = (
				6434879E2D58894900C19CCF /* UsersPhotoCatalogViewModel.swift */,
				643487A02D58896400C19CCF /* UsersPhotoCatalogView.swift */,
			);
			path = OthersUsersPhotoCatalog;
			sourceTree = "<group>";
		};
		644696092D5516410001DA58 = {
			isa = PBXGroup;
			children = (
				644696142D5516410001DA58 /* PhotoEditing-iOS */,
				644696132D5516410001DA58 /* Products */,
				ED7EF5296264A07B693BCC2A /* Pods */,
				C20B84D7CD84CDEC2EEF848C /* Frameworks */,
				646B9CFD2D56783700D14EDB /* PhotoEditingEngine */,
			);
			sourceTree = "<group>";
		};
		644696132D5516410001DA58 /* Products */ = {
			isa = PBXGroup;
			children = (
				644696122D5516410001DA58 /* PhotoEditing-iOS.app */,
			);
			name = Products;
			sourceTree = "<group>";
		};
		644696142D5516410001DA58 /* PhotoEditing-iOS */ = {
			isa = PBXGroup;
			children = (
				644696492D5518020001DA58 /* App */,
				6446962B2D5517080001DA58 /* Data */,
				6446962A2D5517030001DA58 /* Domain */,
				644696232D5516420001DA58 /* Info.plist */,
				6446961B2D5516410001DA58 /* Main.storyboard */,
				644696292D5516FD0001DA58 /* Presentation */,
				644696E92D551BCD0001DA58 /* Resources */,
				644696192D5516410001DA58 /* ViewController.swift */,
			);
			path = "PhotoEditing-iOS";
			sourceTree = "<group>";
		};
		644696292D5516FD0001DA58 /* Presentation */ = {
			isa = PBXGroup;
			children = (
				446115CD2E45291500F3EC12 /* Feature */,
				644696CD2D551B6E0001DA58 /* DesignSystemViews */,
				644696B12D551B250001DA58 /* Components */,
				644696AE2D551B250001DA58 /* Extensions */,
				6446969D2D551AB20001DA58 /* Views */,
				644696462D5517E10001DA58 /* ScreensFactories */,
				644696402D5517CD0001DA58 /* Router */,
				6446962C2D55170C0001DA58 /* Coordinators */,
			);
			path = Presentation;
			sourceTree = "<group>";
		};
		6446962A2D5517030001DA58 /* Domain */ = {
			isa = PBXGroup;
			children = (
				446115D02E464BEB00F3EC12 /* RepoImpl */,
				646B9D092D57513600D14EDB /* ImageSaver */,
				6446967D2D551A3F0001DA58 /* UseCases */,
			);
			path = Domain;
			sourceTree = "<group>";
		};
		6446962B2D5517080001DA58 /* Data */ = {
			isa = PBXGroup;
			children = (
				644696802D551A590001DA58 /* Network */,
			);
			path = Data;
			sourceTree = "<group>";
		};
		6446962C2D55170C0001DA58 /* Coordinators */ = {
			isa = PBXGroup;
			children = (
				644696322D5517BC0001DA58 /* BaseCoordinator.swift */,
				644696312D5517BC0001DA58 /* PhotoSelectionCoordinator.swift */,
				6446962F2D5517BC0001DA58 /* LaunchCoordinator.swift */,
				644696342D5517BC0001DA58 /* ProfileCoordinator.swift */,
				644696352D5517BC0001DA58 /* TabCoordinator.swift */,
				6446962D2D5517200001DA58 /* AppFlowCoordinator.swift */,
				64FD3CE32D5FDB6400478A42 /* OnboardingCoordinator.swift */,
			);
			path = Coordinators;
			sourceTree = "<group>";
		};
		644696402D5517CD0001DA58 /* Router */ = {
			isa = PBXGroup;
			children = (
				6446963D2D5517CD0001DA58 /* Presentable.swift */,
				6446963E2D5517CD0001DA58 /* Routable.swift */,
				6446963F2D5517CD0001DA58 /* Router.swift */,
			);
			path = Router;
			sourceTree = "<group>";
		};
		644696462D5517E10001DA58 /* ScreensFactories */ = {
			isa = PBXGroup;
			children = (
				644696442D5517E10001DA58 /* MainScreenFactory.swift */,
				643487992D58849100C19CCF /* PhotoEditingScreenFactory.swift */,
				6434879B2D5884A600C19CCF /* PhotoSelectionScreenFactory.swift */,
				644696452D5517E10001DA58 /* ScreensFactory.swift */,
				643487A22D5889E400C19CCF /* OtherUsersPhotoScreenFactory.swift */,
				649F5FFE2D64B443006494D1 /* LaunchScreenFactory.swift */,
			);
			path = ScreensFactories;
			sourceTree = "<group>";
		};
		644696492D5518020001DA58 /* App */ = {
			isa = PBXGroup;
			children = (
				644696172D5516410001DA58 /* SceneDelegate.swift */,
				644696152D5516410001DA58 /* AppDelegate.swift */,
				6446965E2D5518940001DA58 /* DI */,
				6446964B2D55180B0001DA58 /* AppConfig.swift */,
				6446964C2D55180B0001DA58 /* AppEnvironment.swift */,
				6446964E2D55180B0001DA58 /* SystemEventsHandler.swift */,
				6446964A2D55180B0001DA58 /* UMobileApp.swift */,
				646B9D0C2D5754ED00D14EDB /* InfoPlist.xcstrings */,
			);
			path = App;
			sourceTree = "<group>";
		};
		6446965C2D5518940001DA58 /* AssemblyObjects */ = {
			isa = PBXGroup;
			children = (
				644696542D5518940001DA58 /* HelperAssembly.swift */,
				644696552D5518940001DA58 /* ManagerAssembly.swift */,
				644696562D5518940001DA58 /* RepositoryAssembly.swift */,
				644696572D5518940001DA58 /* ServicesAssembly.swift */,
				644696582D5518940001DA58 /* StorageAssembly.swift */,
				644696592D5518940001DA58 /* UseCaseAssembly.swift */,
				6446965A2D5518940001DA58 /* ViewAssembly.swift */,
				6446965B2D5518940001DA58 /* ViewModelAssembly.swift */,
			);
			path = AssemblyObjects;
			sourceTree = "<group>";
		};
		6446965E2D5518940001DA58 /* DI */ = {
			isa = PBXGroup;
			children = (
				6446965C2D5518940001DA58 /* AssemblyObjects */,
				6446965D2D5518940001DA58 /* Dependency Provider.swift */,
			);
			path = DI;
			sourceTree = "<group>";
		};
		6446967D2D551A3F0001DA58 /* UseCases */ = {
			isa = PBXGroup;
			children = (
				6446967C2D551A3F0001DA58 /* UseCase.swift */,
			);
			path = UseCases;
			sourceTree = "<group>";
		};
		644696802D551A590001DA58 /* Network */ = {
			isa = PBXGroup;
			children = (
				644696912D551A6C0001DA58 /* Logging */,
				6446968F2D551A6C0001DA58 /* RestAPI */,
			);
			path = Network;
			sourceTree = "<group>";
		};
		644696832D551A6C0001DA58 /* Interceptors */ = {
			isa = PBXGroup;
			children = (
				644696812D551A6C0001DA58 /* LogInterceptor.swift */,
				644696822D551A6C0001DA58 /* ResponseInterceptor.swift */,
			);
			path = Interceptors;
			sourceTree = "<group>";
		};
		644696862D551A6C0001DA58 /* Models */ = {
			isa = PBXGroup;
			children = (
				644696842D551A6C0001DA58 /* Requests.swift */,
				644696852D551A6C0001DA58 /* Responses.swift */,
			);
			path = Models;
			sourceTree = "<group>";
		};
		644696892D551A6C0001DA58 /* Protocols */ = {
			isa = PBXGroup;
			children = (
				644696872D551A6C0001DA58 /* NetworkService.swift */,
				644696882D551A6C0001DA58 /* Request.swift */,
			);
			path = Protocols;
			sourceTree = "<group>";
		};
		6446968B2D551A6C0001DA58 /* ProtocolsImpl */ = {
			isa = PBXGroup;
			children = (
				6446968A2D551A6C0001DA58 /* NetworkServiceImpl.swift */,
			);
			path = ProtocolsImpl;
			sourceTree = "<group>";
		};
		6446968F2D551A6C0001DA58 /* RestAPI */ = {
			isa = PBXGroup;
			children = (
				644696832D551A6C0001DA58 /* Interceptors */,
				644696862D551A6C0001DA58 /* Models */,
				644696892D551A6C0001DA58 /* Protocols */,
				6446968B2D551A6C0001DA58 /* ProtocolsImpl */,
				6446968C2D551A6C0001DA58 /* ApiServiceFactory.swift */,
				6446968D2D551A6C0001DA58 /* NetworkConfiguration.swift */,
				6446968E2D551A6C0001DA58 /* NetworkRequestError.swift */,
			);
			path = RestAPI;
			sourceTree = "<group>";
		};
		644696912D551A6C0001DA58 /* Logging */ = {
			isa = PBXGroup;
			children = (
				644696902D551A6C0001DA58 /* LoggingType.swift */,
			);
			path = Logging;
			sourceTree = "<group>";
		};
		6446969D2D551AB20001DA58 /* Views */ = {
			isa = PBXGroup;
			children = (
				64EB68BE2DD3671300B1AB27 /* Editing */,
				6434879D2D58893100C19CCF /* OthersUsersPhotoCatalog */,
				646B9D062D569E5600D14EDB /* RootNavigation */,
				646B9CE62D55214F00D14EDB /* TabBar */,
				6446969E2D551ABB0001DA58 /* HostingController.swift */,
			);
			path = Views;
			sourceTree = "<group>";
		};
		644696AE2D551B250001DA58 /* Extensions */ = {
			isa = PBXGroup;
			children = (
				644696A52D551B250001DA58 /* AppButtonExt.swift */,
				644696A62D551B250001DA58 /* ColorExt.swift */,
				644696A72D551B250001DA58 /* Font.swift */,
				644696A82D551B250001DA58 /* IntExt.swift */,
				644696A92D551B250001DA58 /* Logger+Extensions.swift */,
				644696AA2D551B250001DA58 /* Modifiers.swift */,
				644696AB2D551B250001DA58 /* UIImage+Extensions.swift */,
				644696AC2D551B250001DA58 /* ViewControllerExt.swift */,
				644696AD2D551B250001DA58 /* ViewExt.swift */,
			);
			path = Extensions;
			sourceTree = "<group>";
		};
		644696B02D551B250001DA58 /* CustomViews */ = {
			isa = PBXGroup;
			children = (
				644696AF2D551B250001DA58 /* StateableButton.swift */,
			);
			path = CustomViews;
			sourceTree = "<group>";
		};
		644696B12D551B250001DA58 /* Components */ = {
			isa = PBXGroup;
			children = (
				644696B02D551B250001DA58 /* CustomViews */,
			);
			path = Components;
			sourceTree = "<group>";
		};
		644696BE2D551B6E0001DA58 /* AppChoseMediaItem */ = {
			isa = PBXGroup;
			children = (
				644696BC2D551B6E0001DA58 /* ImageEditingView.swift */,
				644696BD2D551B6E0001DA58 /* SUIImagePicker.swift */,
			);
			path = AppChoseMediaItem;
			sourceTree = "<group>";
		};
		644696C02D551B6E0001DA58 /* Config */ = {
			isa = PBXGroup;
			children = (
				644696BF2D551B6E0001DA58 /* AppInputConfig.swift */,
			);
			path = Config;
			sourceTree = "<group>";
		};
		644696C42D551B6E0001DA58 /* Inputs */ = {
			isa = PBXGroup;
			children = (
				644696C02D551B6E0001DA58 /* Config */,
				644696C12D551B6E0001DA58 /* AppInput.swift */,
				644696C22D551B6E0001DA58 /* AppTextarea.swift */,
				644696C32D551B6E0001DA58 /* WrappedTextarea.swift */,
			);
			path = Inputs;
			sourceTree = "<group>";
		};
		644696CD2D551B6E0001DA58 /* DesignSystemViews */ = {
			isa = PBXGroup;
			children = (
				644696BE2D551B6E0001DA58 /* AppChoseMediaItem */,
				644696C42D551B6E0001DA58 /* Inputs */,
				644696C52D551B6E0001DA58 /* AppBlur.swift */,
				644696C62D551B6E0001DA58 /* AppButton.swift */,
				644696C72D551B6E0001DA58 /* AppCheckbox.swift */,
				644696C82D551B6E0001DA58 /* AppLoader.swift */,
				644696C92D551B6E0001DA58 /* AppPaginator.swift */,
				644696CA2D551B6E0001DA58 /* AppRadiobutton.swift */,
				644696CB2D551B6E0001DA58 /* AppSwitch.swift */,
				644696CC2D551B6E0001DA58 /* AppToggle.swift */,
				646B9D072D569E7A00D14EDB /* AppNavBar.swift */,
			);
			path = DesignSystemViews;
			sourceTree = "<group>";
		};
		644696DE2D551BCD0001DA58 /* Fonts */ = {
			isa = PBXGroup;
			children = (
				644696DC2D551BCD0001DA58 /* Onest-Bold.ttf */,
				644696DD2D551BCD0001DA58 /* Onest-Regular.ttf */,
			);
			path = Fonts;
			sourceTree = "<group>";
		};
		644696E32D551BCD0001DA58 /* GeneratedResources */ = {
			isa = PBXGroup;
			children = (
				644696DF2D551BCD0001DA58 /* ColorPalette.swift */,
				644696E02D551BCD0001DA58 /* Image.swift */,
				644696E12D551BCD0001DA58 /* LocalStrings.swift */,
				644696E22D551BCD0001DA58 /* UIImage.swift */,
			);
			path = GeneratedResources;
			sourceTree = "<group>";
		};
		644696E92D551BCD0001DA58 /* Resources */ = {
			isa = PBXGroup;
			children = (
				644696DE2D551BCD0001DA58 /* Fonts */,
				644696E32D551BCD0001DA58 /* GeneratedResources */,
				644696E42D551BCD0001DA58 /* Assets.xcassets */,
				644696E52D551BCD0001DA58 /* ColorPalette.xcassets */,
				644696E72D551BCD0001DA58 /* LaunchScreen.storyboard */,
				644696E82D551BCD0001DA58 /* LocalStrings.strings */,
			);
			path = Resources;
			sourceTree = "<group>";
		};
		6454B3A22D57E402004654B7 /* PhotoSelectionView */ = {
			isa = PBXGroup;
			children = (
				6454B3A52D57E445004654B7 /* PhotoSelctionViewModel.swift */,
				6454B3A32D57E42D004654B7 /* PhotoSelectionView.swift */,
			);
			path = PhotoSelectionView;
			sourceTree = "<group>";
		};
		64604A352D663E2000A7405A /* ImageProcessor */ = {
			isa = PBXGroup;
			children = (
				64604A3C2D66E6E200A7405A /* Filter */,
				64FD3CE52D5FE24300478A42 /* ImageProcessor.swift */,
				64604A3A2D66533400A7405A /* FilterObject.swift */,
			);
			path = ImageProcessor;
			sourceTree = "<group>";
		};
		64604A3C2D66E6E200A7405A /* Filter */ = {
			isa = PBXGroup;
			children = (
				64604A362D663E3B00A7405A /* FilterCollection.swift */,
				64604A382D663F1A00A7405A /* ImgFilter.swift */,
				64604A3D2D66E6FE00A7405A /* FilterDataSource.swift */,
			);
			path = Filter;
			sourceTree = "<group>";
		};
		646B9CE62D55214F00D14EDB /* TabBar */ = {
			isa = PBXGroup;
			children = (
				646B9CEA2D5521FE00D14EDB /* TabViewModel.swift */,
				646B9CE32D55214F00D14EDB /* TabBarController.swift */,
				646B9CE42D55214F00D14EDB /* TabBarItemView.swift */,
				646B9CE52D55214F00D14EDB /* TabBarView.swift */,
			);
			path = TabBar;
			sourceTree = "<group>";
		};
		646B9CF52D56540500D14EDB /* PhotoEditingView */ = {
			isa = PBXGroup;
			children = (
				646B9D012D5696DB00D14EDB /* FiltersList */,
			);
			path = PhotoEditingView;
			sourceTree = "<group>";
		};
		646B9CFD2D56783700D14EDB /* PhotoEditingEngine */ = {
			isa = PBXGroup;
			children = (
				446115C82E3896D400F3EC12 /* EditingStack */,
				44AB10E42E292ED100A6BDCC /* CoreImageLUT */,
				4488FFF92E184B84000F2CAF /* Renderers */,
				4402369C2DE86D2A00913F63 /* DataStrucutres */,
				440236992DE867DE00913F63 /* Shaders */,
				440236822DE862DF00913F63 /* Ext */,
				646B9D002D56788800D14EDB /* Filters */,
				4488FFD02E16BB2C000F2CAF /* MetalContext.swift */,
				4488FFD22E16BDC5000F2CAF /* ImageFilterContext.swift */,
				4464876B2E5CE75B009E5BA4 /* NestedObservableObject.swift */,
			);
			path = PhotoEditingEngine;
			sourceTree = "<group>";
		};
		646B9D002D56788800D14EDB /* Filters */ = {
			isa = PBXGroup;
			children = (
				4488FFF62E184402000F2CAF /* CustomFilters */,
				64604A352D663E2000A7405A /* ImageProcessor */,
				646B9CFE2D56785000D14EDB /* FilterStandartIOSType.swift */,
			);
			path = Filters;
			sourceTree = "<group>";
		};
		646B9D012D5696DB00D14EDB /* FiltersList */ = {
			isa = PBXGroup;
			children = (
				646B9D022D5696EC00D14EDB /* FiltersListViewModel.swift */,
				646B9D042D56971700D14EDB /* FiltersListView.swift */,
			);
			path = FiltersList;
			sourceTree = "<group>";
		};
		646B9D062D569E5600D14EDB /* RootNavigation */ = {
			isa = PBXGroup;
			children = (
				6446969F2D551ABB0001DA58 /* RootNavigationController.swift */,
				644696A32D551AF80001DA58 /* RootNavigationViewModel.swift */,
			);
			path = RootNavigation;
			sourceTree = "<group>";
		};
		646B9D092D57513600D14EDB /* ImageSaver */ = {
			isa = PBXGroup;
			children = (
				646B9D0A2D57515500D14EDB /* ImageSaverSingleton.swift */,
			);
			path = ImageSaver;
			sourceTree = "<group>";
		};
		64EB68BE2DD3671300B1AB27 /* Editing */ = {
			isa = PBXGroup;
			children = (
				64EB68BC2DD1F7B800B1AB27 /* PhotoEditingViewController.swift */,
				4488FFFF2E2297BF000F2CAF /* EditingControlsView.swift */,
				448800012E229C95000F2CAF /* PhotoEditingViewModel.swift */,
			);
			path = Editing;
			sourceTree = "<group>";
		};
		C20B84D7CD84CDEC2EEF848C /* Frameworks */ = {
			isa = PBXGroup;
			children = (
				C0F9826AD755896C502F55F0 /* Pods_PhotoEditing_iOS.framework */,
			);
			name = Frameworks;
			sourceTree = "<group>";
		};
		ED7EF5296264A07B693BCC2A /* Pods */ = {
			isa = PBXGroup;
			children = (
				EA62B3F1387337CD58BBE7A6 /* Pods-PhotoEditing-iOS.debug.xcconfig */,
				2EF6464EB8B6AA2BB9F4364D /* Pods-PhotoEditing-iOS.release.xcconfig */,
			);
			path = Pods;
			sourceTree = "<group>";
		};
/* End PBXGroup section */

/* Begin PBXNativeTarget section */
		644696112D5516410001DA58 /* PhotoEditing-iOS */ = {
			isa = PBXNativeTarget;
			buildConfigurationList = 644696262D5516420001DA58 /* Build configuration list for PBXNativeTarget "PhotoEditing-iOS" */;
			buildPhases = (
				C029F62374A7A8EBDB34439F /* [CP] Check Pods Manifest.lock */,
				6446960E2D5516410001DA58 /* Sources */,
				6446960F2D5516410001DA58 /* Frameworks */,
				644696102D5516410001DA58 /* Resources */,
				9A3951A2848465D4454A4E94 /* [CP] Embed Pods Frameworks */,
			);
			buildRules = (
			);
			dependencies = (
			);
			name = "PhotoEditing-iOS";
			packageProductDependencies = (
				44A4856E2E2BC5E80006EB7A /* PixelEnginePackage */,
			);
			productName = "PhotoEditing-iOS";
			productReference = 644696122D5516410001DA58 /* PhotoEditing-iOS.app */;
			productType = "com.apple.product-type.application";
		};
/* End PBXNativeTarget section */

/* Begin PBXProject section */
		6446960A2D5516410001DA58 /* Project object */ = {
			isa = PBXProject;
			attributes = {
				BuildIndependentTargetsInParallel = 1;
				LastSwiftUpdateCheck = 1530;
				LastUpgradeCheck = 1530;
				TargetAttributes = {
					644696112D5516410001DA58 = {
						CreatedOnToolsVersion = 15.3;
					};
				};
			};
			buildConfigurationList = 6446960D2D5516410001DA58 /* Build configuration list for PBXProject "PhotoEditing-iOS" */;
			compatibilityVersion = "Xcode 14.0";
			developmentRegion = en;
			hasScannedForEncodings = 0;
			knownRegions = (
				en,
				Base,
			);
			mainGroup = 644696092D5516410001DA58;
			packageReferences = (
				44A4856D2E2BC5E80006EB7A /* XCRemoteSwiftPackageReference "PixelEnginePackage" */,
			);
			productRefGroup = 644696132D5516410001DA58 /* Products */;
			projectDirPath = "";
			projectRoot = "";
			targets = (
				644696112D5516410001DA58 /* PhotoEditing-iOS */,
			);
		};
/* End PBXProject section */

/* Begin PBXResourcesBuildPhase section */
		644696102D5516410001DA58 /* Resources */ = {
			isa = PBXResourcesBuildPhase;
			buildActionMask = 2147483647;
			files = (
				644696F22D551BCD0001DA58 /* LaunchScreen.storyboard in Resources */,
				644696EB2D551BCD0001DA58 /* Onest-Regular.ttf in Resources */,
				644696F12D551BCD0001DA58 /* ColorPalette.xcassets in Resources */,
				644696EA2D551BCD0001DA58 /* Onest-Bold.ttf in Resources */,
				644696F02D551BCD0001DA58 /* Assets.xcassets in Resources */,
				6446961D2D5516410001DA58 /* Base in Resources */,
				646B9D0D2D5754ED00D14EDB /* InfoPlist.xcstrings in Resources */,
				644696F32D551BCD0001DA58 /* LocalStrings.strings in Resources */,
			);
			runOnlyForDeploymentPostprocessing = 0;
		};
/* End PBXResourcesBuildPhase section */

/* Begin PBXShellScriptBuildPhase section */
		9A3951A2848465D4454A4E94 /* [CP] Embed Pods Frameworks */ = {
			isa = PBXShellScriptBuildPhase;
			buildActionMask = 2147483647;
			files = (
			);
			inputFileListPaths = (
				"${PODS_ROOT}/Target Support Files/Pods-PhotoEditing-iOS/Pods-PhotoEditing-iOS-frameworks-${CONFIGURATION}-input-files.xcfilelist",
			);
			name = "[CP] Embed Pods Frameworks";
			outputFileListPaths = (
				"${PODS_ROOT}/Target Support Files/Pods-PhotoEditing-iOS/Pods-PhotoEditing-iOS-frameworks-${CONFIGURATION}-output-files.xcfilelist",
			);
			runOnlyForDeploymentPostprocessing = 0;
			shellPath = /bin/sh;
			shellScript = "\"${PODS_ROOT}/Target Support Files/Pods-PhotoEditing-iOS/Pods-PhotoEditing-iOS-frameworks.sh\"\n";
			showEnvVarsInLog = 0;
		};
		C029F62374A7A8EBDB34439F /* [CP] Check Pods Manifest.lock */ = {
			isa = PBXShellScriptBuildPhase;
			buildActionMask = 2147483647;
			files = (
			);
			inputFileListPaths = (
			);
			inputPaths = (
				"${PODS_PODFILE_DIR_PATH}/Podfile.lock",
				"${PODS_ROOT}/Manifest.lock",
			);
			name = "[CP] Check Pods Manifest.lock";
			outputFileListPaths = (
			);
			outputPaths = (
				"$(DERIVED_FILE_DIR)/Pods-PhotoEditing-iOS-checkManifestLockResult.txt",
			);
			runOnlyForDeploymentPostprocessing = 0;
			shellPath = /bin/sh;
			shellScript = "diff \"${PODS_PODFILE_DIR_PATH}/Podfile.lock\" \"${PODS_ROOT}/Manifest.lock\" > /dev/null\nif [ $? != 0 ] ; then\n    # print error to STDERR\n    echo \"error: The sandbox is not in sync with the Podfile.lock. Run 'pod install' or update your CocoaPods installation.\" >&2\n    exit 1\nfi\n# This output is used by Xcode 'outputs' to avoid re-running this script phase.\necho \"SUCCESS\" > \"${SCRIPT_OUTPUT_FILE_0}\"\n";
			showEnvVarsInLog = 0;
		};
/* End PBXShellScriptBuildPhase section */

/* Begin PBXSourcesBuildPhase section */
		6446960E2D5516410001DA58 /* Sources */ = {
			isa = PBXSourcesBuildPhase;
			buildActionMask = 2147483647;
			files = (
				64EB68BD2DD1F7B800B1AB27 /* PhotoEditingViewController.swift in Sources */,
				646B9D032D5696EC00D14EDB /* FiltersListViewModel.swift in Sources */,
				649F5FFB2D64B28B006494D1 /* LaunchView.swift in Sources */,
				644696922D551A6C0001DA58 /* LogInterceptor.swift in Sources */,
				6434879A2D58849100C19CCF /* PhotoEditingScreenFactory.swift in Sources */,
				646B9CFF2D56785000D14EDB /* FilterStandartIOSType.swift in Sources */,
				644696B62D551B250001DA58 /* Logger+Extensions.swift in Sources */,
				6446962E2D5517200001DA58 /* AppFlowCoordinator.swift in Sources */,
				644696382D5517BC0001DA58 /* PhotoSelectionCoordinator.swift in Sources */,
				64FD3CE62D5FE24300478A42 /* ImageProcessor.swift in Sources */,
				4464876A2E5B7BB4009E5BA4 /* LUTImageEngine.swift in Sources */,
				6446969C2D551A6C0001DA58 /* LoggingType.swift in Sources */,
				644696422D5517CD0001DA58 /* Routable.swift in Sources */,
				64604A3E2D66E6FE00A7405A /* FilterDataSource.swift in Sources */,
				646B9CE82D55214F00D14EDB /* TabBarItemView.swift in Sources */,
				446115CC2E3899CC00F3EC12 /* LinkedList.swift in Sources */,
				440236922DE862FE00913F63 /* Number+Helpers.swift in Sources */,
				440236932DE862FE00913F63 /* UIColor + Utils.swift in Sources */,
				44A485742E337FB90006EB7A /* LUTConverter.swift in Sources */,
				440236942DE862FE00913F63 /* CGPoint + Helpers.swift in Sources */,
				440236952DE862FE00913F63 /* CGRect + Helpers.swift in Sources */,
				440236962DE862FE00913F63 /* CGSize + Helpers.swift in Sources */,
				440236762DE84FF300913F63 /* ImageRenderer.swift in Sources */,
				644696992D551A6C0001DA58 /* ApiServiceFactory.swift in Sources */,
				446115CF2E46360900F3EC12 /* Stack.swift in Sources */,
				644696952D551A6C0001DA58 /* Responses.swift in Sources */,
				6454B3A42D57E42D004654B7 /* PhotoSelectionView.swift in Sources */,
				643487A12D58896400C19CCF /* UsersPhotoCatalogView.swift in Sources */,
				644696B52D551B250001DA58 /* IntExt.swift in Sources */,
				644696EE2D551BCD0001DA58 /* LocalStrings.swift in Sources */,
				6446961A2D5516410001DA58 /* ViewController.swift in Sources */,
				644696512D55180B0001DA58 /* AppEnvironment.swift in Sources */,
				4488FFD32E16BDC5000F2CAF /* ImageFilterContext.swift in Sources */,
				646B9D052D56971700D14EDB /* FiltersListView.swift in Sources */,
				644696D52D551B6E0001DA58 /* AppButton.swift in Sources */,
				644696622D5518940001DA58 /* ServicesAssembly.swift in Sources */,
				646B9CE72D55214F00D14EDB /* TabBarController.swift in Sources */,
				644696642D5518940001DA58 /* UseCaseAssembly.swift in Sources */,
				644696942D551A6C0001DA58 /* Requests.swift in Sources */,
				644696BA2D551B250001DA58 /* ViewExt.swift in Sources */,
				6446964F2D55180B0001DA58 /* UMobileApp.swift in Sources */,
				644696632D5518940001DA58 /* StorageAssembly.swift in Sources */,
				6434879C2D5884A600C19CCF /* PhotoSelectionScreenFactory.swift in Sources */,
				4488FFDD2E17DE26000F2CAF /* MTLCustromPhotoFilters.metal in Sources */,
				448800022E229C95000F2CAF /* PhotoEditingViewModel.swift in Sources */,
				644696ED2D551BCD0001DA58 /* Image.swift in Sources */,
				44AB10E82E2BABBD00A6BDCC /* LUTCollection.swift in Sources */,
				643487A32D5889E400C19CCF /* OtherUsersPhotoScreenFactory.swift in Sources */,
				646B9CEB2D5521FE00D14EDB /* TabViewModel.swift in Sources */,
				644696CE2D551B6E0001DA58 /* ImageEditingView.swift in Sources */,
				644696D12D551B6E0001DA58 /* AppInput.swift in Sources */,
				4488FFF82E184419000F2CAF /* MTLCustomPhotoFilters.swift in Sources */,
				4488FFD12E16BB2C000F2CAF /* MetalContext.swift in Sources */,
				644696B22D551B250001DA58 /* AppButtonExt.swift in Sources */,
				644696652D5518940001DA58 /* ViewAssembly.swift in Sources */,
				644696412D5517CD0001DA58 /* Presentable.swift in Sources */,
				6434879F2D58894900C19CCF /* UsersPhotoCatalogViewModel.swift in Sources */,
				644696D02D551B6E0001DA58 /* AppInputConfig.swift in Sources */,
				644696162D5516410001DA58 /* AppDelegate.swift in Sources */,
				644696B82D551B250001DA58 /* UIImage+Extensions.swift in Sources */,
				644696502D55180B0001DA58 /* AppConfig.swift in Sources */,
				644696DB2D551B6E0001DA58 /* AppToggle.swift in Sources */,
				644696A42D551AF80001DA58 /* RootNavigationViewModel.swift in Sources */,
				44A485722E2D6AEC0006EB7A /* LUTFilter.swift in Sources */,
				6454B3A62D57E445004654B7 /* PhotoSelctionViewModel.swift in Sources */,
				646B9D082D569E7A00D14EDB /* AppNavBar.swift in Sources */,
				6446967F2D551A3F0001DA58 /* UseCase.swift in Sources */,
				6446969B2D551A6C0001DA58 /* NetworkRequestError.swift in Sources */,
				644696DA2D551B6E0001DA58 /* AppSwitch.swift in Sources */,
				644696EC2D551BCD0001DA58 /* ColorPalette.swift in Sources */,
				644696182D5516410001DA58 /* SceneDelegate.swift in Sources */,
				644696B72D551B250001DA58 /* Modifiers.swift in Sources */,
				4488FFFB2E184B95000F2CAF /* DrawingRenderer.swift in Sources */,
				644696472D5517E10001DA58 /* MainScreenFactory.swift in Sources */,
				644696A12D551ABB0001DA58 /* RootNavigationController.swift in Sources */,
				649F5FFD2D64B359006494D1 /* LaunchViewModel.swift in Sources */,
				4464876C2E5CE75B009E5BA4 /* NestedObservableObject.swift in Sources */,
				646B9CE92D55214F00D14EDB /* TabBarView.swift in Sources */,
				644696962D551A6C0001DA58 /* NetworkService.swift in Sources */,
				644696972D551A6C0001DA58 /* Request.swift in Sources */,
				644696532D55180B0001DA58 /* SystemEventsHandler.swift in Sources */,
				646B9D0B2D57515500D14EDB /* ImageSaverSingleton.swift in Sources */,
				64FD3CE42D5FDB6400478A42 /* OnboardingCoordinator.swift in Sources */,
				644696662D5518940001DA58 /* ViewModelAssembly.swift in Sources */,
				644696982D551A6C0001DA58 /* NetworkServiceImpl.swift in Sources */,
				644696EF2D551BCD0001DA58 /* UIImage.swift in Sources */,
				644696B92D551B250001DA58 /* ViewControllerExt.swift in Sources */,
				448800002E2297BF000F2CAF /* EditingControlsView.swift in Sources */,
				649F5FFF2D64B443006494D1 /* LaunchScreenFactory.swift in Sources */,
				644696D42D551B6E0001DA58 /* AppBlur.swift in Sources */,
				4402369B2DE867EA00913F63 /* PointShader.metal in Sources */,
				644696482D5517E10001DA58 /* ScreensFactory.swift in Sources */,
				644696D32D551B6E0001DA58 /* WrappedTextarea.swift in Sources */,
				64604A392D663F1A00A7405A /* ImgFilter.swift in Sources */,
				644696D22D551B6E0001DA58 /* AppTextarea.swift in Sources */,
				6446963C2D5517BC0001DA58 /* TabCoordinator.swift in Sources */,
				644696432D5517CD0001DA58 /* Router.swift in Sources */,
				6446969A2D551A6C0001DA58 /* NetworkConfiguration.swift in Sources */,
				4402369E2DE86D3A00913F63 /* Point.swift in Sources */,
				64604A342D66212800A7405A /* CIImage+Ext.swift in Sources */,
				644696362D5517BC0001DA58 /* LaunchCoordinator.swift in Sources */,
				64604A372D663E3B00A7405A /* FilterCollection.swift in Sources */,
				644696CF2D551B6E0001DA58 /* SUIImagePicker.swift in Sources */,
				644696D62D551B6E0001DA58 /* AppCheckbox.swift in Sources */,
				644696612D5518940001DA58 /* RepositoryAssembly.swift in Sources */,
				644696D72D551B6E0001DA58 /* AppLoader.swift in Sources */,
				644696A02D551ABB0001DA58 /* HostingController.swift in Sources */,
				4488FFFD2E184C52000F2CAF /* ImageTexture.swift in Sources */,
				64604A3B2D66533400A7405A /* FilterObject.swift in Sources */,
				644696932D551A6C0001DA58 /* ResponseInterceptor.swift in Sources */,
				44AB10E62E292F8D00A6BDCC /* LUTExporter.swift in Sources */,
				446115CA2E3896E300F3EC12 /* EditingStack.swift in Sources */,
				644696602D5518940001DA58 /* ManagerAssembly.swift in Sources */,
				6446963B2D5517BC0001DA58 /* ProfileCoordinator.swift in Sources */,
				644696BB2D551B250001DA58 /* StateableButton.swift in Sources */,
				644696B32D551B250001DA58 /* ColorExt.swift in Sources */,
				644696B42D551B250001DA58 /* Font.swift in Sources */,
				644696392D5517BC0001DA58 /* BaseCoordinator.swift in Sources */,
				644696D92D551B6E0001DA58 /* AppRadiobutton.swift in Sources */,
				644696D82D551B6E0001DA58 /* AppPaginator.swift in Sources */,
				644696672D5518940001DA58 /* Dependency Provider.swift in Sources */,
				6446965F2D5518940001DA58 /* HelperAssembly.swift in Sources */,
			);
			runOnlyForDeploymentPostprocessing = 0;
		};
/* End PBXSourcesBuildPhase section */

/* Begin PBXVariantGroup section */
		6446961B2D5516410001DA58 /* Main.storyboard */ = {
			isa = PBXVariantGroup;
			children = (
				6446961C2D5516410001DA58 /* Base */,
			);
			name = Main.storyboard;
			sourceTree = "<group>";
		};
		644696E72D551BCD0001DA58 /* LaunchScreen.storyboard */ = {
			isa = PBXVariantGroup;
			children = (
				644696E62D551BCD0001DA58 /* Base */,
			);
			name = LaunchScreen.storyboard;
			sourceTree = "<group>";
		};
/* End PBXVariantGroup section */

/* Begin XCBuildConfiguration section */
		644696242D5516420001DA58 /* Debug */ = {
			isa = XCBuildConfiguration;
			buildSettings = {
				ALWAYS_SEARCH_USER_PATHS = NO;
				ASSETCATALOG_COMPILER_GENERATE_SWIFT_ASSET_SYMBOL_EXTENSIONS = YES;
				CLANG_ANALYZER_NONNULL = YES;
				CLANG_ANALYZER_NUMBER_OBJECT_CONVERSION = YES_AGGRESSIVE;
				CLANG_CXX_LANGUAGE_STANDARD = "gnu++20";
				CLANG_ENABLE_MODULES = YES;
				CLANG_ENABLE_OBJC_ARC = YES;
				CLANG_ENABLE_OBJC_WEAK = YES;
				CLANG_WARN_BLOCK_CAPTURE_AUTORELEASING = YES;
				CLANG_WARN_BOOL_CONVERSION = YES;
				CLANG_WARN_COMMA = YES;
				CLANG_WARN_CONSTANT_CONVERSION = YES;
				CLANG_WARN_DEPRECATED_OBJC_IMPLEMENTATIONS = YES;
				CLANG_WARN_DIRECT_OBJC_ISA_USAGE = YES_ERROR;
				CLANG_WARN_DOCUMENTATION_COMMENTS = YES;
				CLANG_WARN_EMPTY_BODY = YES;
				CLANG_WARN_ENUM_CONVERSION = YES;
				CLANG_WARN_INFINITE_RECURSION = YES;
				CLANG_WARN_INT_CONVERSION = YES;
				CLANG_WARN_NON_LITERAL_NULL_CONVERSION = YES;
				CLANG_WARN_OBJC_IMPLICIT_RETAIN_SELF = YES;
				CLANG_WARN_OBJC_LITERAL_CONVERSION = YES;
				CLANG_WARN_OBJC_ROOT_CLASS = YES_ERROR;
				CLANG_WARN_QUOTED_INCLUDE_IN_FRAMEWORK_HEADER = YES;
				CLANG_WARN_RANGE_LOOP_ANALYSIS = YES;
				CLANG_WARN_STRICT_PROTOTYPES = YES;
				CLANG_WARN_SUSPICIOUS_MOVE = YES;
				CLANG_WARN_UNGUARDED_AVAILABILITY = YES_AGGRESSIVE;
				CLANG_WARN_UNREACHABLE_CODE = YES;
				CLANG_WARN__DUPLICATE_METHOD_MATCH = YES;
				COPY_PHASE_STRIP = NO;
				DEBUG_INFORMATION_FORMAT = dwarf;
				ENABLE_STRICT_OBJC_MSGSEND = YES;
				ENABLE_TESTABILITY = YES;
				ENABLE_USER_SCRIPT_SANDBOXING = NO;
				GCC_C_LANGUAGE_STANDARD = gnu17;
				GCC_DYNAMIC_NO_PIC = NO;
				GCC_NO_COMMON_BLOCKS = YES;
				GCC_OPTIMIZATION_LEVEL = 0;
				GCC_PREPROCESSOR_DEFINITIONS = (
					"DEBUG=1",
					"$(inherited)",
				);
				GCC_WARN_64_TO_32_BIT_CONVERSION = YES;
				GCC_WARN_ABOUT_RETURN_TYPE = YES_ERROR;
				GCC_WARN_UNDECLARED_SELECTOR = YES;
				GCC_WARN_UNINITIALIZED_AUTOS = YES_AGGRESSIVE;
				GCC_WARN_UNUSED_FUNCTION = YES;
				GCC_WARN_UNUSED_VARIABLE = YES;
				IPHONEOS_DEPLOYMENT_TARGET = 17.0;
				LOCALIZATION_PREFERS_STRING_CATALOGS = YES;
				MTL_ENABLE_DEBUG_INFO = INCLUDE_SOURCE;
				MTL_FAST_MATH = YES;
				ONLY_ACTIVE_ARCH = YES;
				SDKROOT = iphoneos;
				SWIFT_ACTIVE_COMPILATION_CONDITIONS = "DEBUG $(inherited)";
				SWIFT_OPTIMIZATION_LEVEL = "-Onone";
			};
			name = Debug;
		};
		644696252D5516420001DA58 /* Release */ = {
			isa = XCBuildConfiguration;
			buildSettings = {
				ALWAYS_SEARCH_USER_PATHS = NO;
				ASSETCATALOG_COMPILER_GENERATE_SWIFT_ASSET_SYMBOL_EXTENSIONS = YES;
				CLANG_ANALYZER_NONNULL = YES;
				CLANG_ANALYZER_NUMBER_OBJECT_CONVERSION = YES_AGGRESSIVE;
				CLANG_CXX_LANGUAGE_STANDARD = "gnu++20";
				CLANG_ENABLE_MODULES = YES;
				CLANG_ENABLE_OBJC_ARC = YES;
				CLANG_ENABLE_OBJC_WEAK = YES;
				CLANG_WARN_BLOCK_CAPTURE_AUTORELEASING = YES;
				CLANG_WARN_BOOL_CONVERSION = YES;
				CLANG_WARN_COMMA = YES;
				CLANG_WARN_CONSTANT_CONVERSION = YES;
				CLANG_WARN_DEPRECATED_OBJC_IMPLEMENTATIONS = YES;
				CLANG_WARN_DIRECT_OBJC_ISA_USAGE = YES_ERROR;
				CLANG_WARN_DOCUMENTATION_COMMENTS = YES;
				CLANG_WARN_EMPTY_BODY = YES;
				CLANG_WARN_ENUM_CONVERSION = YES;
				CLANG_WARN_INFINITE_RECURSION = YES;
				CLANG_WARN_INT_CONVERSION = YES;
				CLANG_WARN_NON_LITERAL_NULL_CONVERSION = YES;
				CLANG_WARN_OBJC_IMPLICIT_RETAIN_SELF = YES;
				CLANG_WARN_OBJC_LITERAL_CONVERSION = YES;
				CLANG_WARN_OBJC_ROOT_CLASS = YES_ERROR;
				CLANG_WARN_QUOTED_INCLUDE_IN_FRAMEWORK_HEADER = YES;
				CLANG_WARN_RANGE_LOOP_ANALYSIS = YES;
				CLANG_WARN_STRICT_PROTOTYPES = YES;
				CLANG_WARN_SUSPICIOUS_MOVE = YES;
				CLANG_WARN_UNGUARDED_AVAILABILITY = YES_AGGRESSIVE;
				CLANG_WARN_UNREACHABLE_CODE = YES;
				CLANG_WARN__DUPLICATE_METHOD_MATCH = YES;
				COPY_PHASE_STRIP = NO;
				DEBUG_INFORMATION_FORMAT = "dwarf-with-dsym";
				ENABLE_NS_ASSERTIONS = NO;
				ENABLE_STRICT_OBJC_MSGSEND = YES;
				ENABLE_USER_SCRIPT_SANDBOXING = NO;
				GCC_C_LANGUAGE_STANDARD = gnu17;
				GCC_NO_COMMON_BLOCKS = YES;
				GCC_WARN_64_TO_32_BIT_CONVERSION = YES;
				GCC_WARN_ABOUT_RETURN_TYPE = YES_ERROR;
				GCC_WARN_UNDECLARED_SELECTOR = YES;
				GCC_WARN_UNINITIALIZED_AUTOS = YES_AGGRESSIVE;
				GCC_WARN_UNUSED_FUNCTION = YES;
				GCC_WARN_UNUSED_VARIABLE = YES;
				IPHONEOS_DEPLOYMENT_TARGET = 17.0;
				LOCALIZATION_PREFERS_STRING_CATALOGS = YES;
				MTL_ENABLE_DEBUG_INFO = NO;
				MTL_FAST_MATH = YES;
				SDKROOT = iphoneos;
				SWIFT_COMPILATION_MODE = wholemodule;
				VALIDATE_PRODUCT = YES;
			};
			name = Release;
		};
		644696272D5516420001DA58 /* Debug */ = {
			isa = XCBuildConfiguration;
			baseConfigurationReference = EA62B3F1387337CD58BBE7A6 /* Pods-PhotoEditing-iOS.debug.xcconfig */;
			buildSettings = {
				ASSETCATALOG_COMPILER_APPICON_NAME = AppIcon;
				ASSETCATALOG_COMPILER_GLOBAL_ACCENT_COLOR_NAME = AccentColor;
				CODE_SIGN_STYLE = Automatic;
				CURRENT_PROJECT_VERSION = 1;
				DEVELOPMENT_TEAM = V77QWBZR65;
				GENERATE_INFOPLIST_FILE = YES;
				INFOPLIST_FILE = "PhotoEditing-iOS/Info.plist";
				INFOPLIST_KEY_NSPhotoLibraryAddUsageDescription = "Access needed to save photos";
				INFOPLIST_KEY_UIApplicationSupportsIndirectInputEvents = YES;
				INFOPLIST_KEY_UILaunchStoryboardName = LaunchScreen;
				INFOPLIST_KEY_UIMainStoryboardFile = Main;
				INFOPLIST_KEY_UISupportedInterfaceOrientations_iPad = "UIInterfaceOrientationPortrait UIInterfaceOrientationPortraitUpsideDown UIInterfaceOrientationLandscapeLeft UIInterfaceOrientationLandscapeRight";
				INFOPLIST_KEY_UISupportedInterfaceOrientations_iPhone = "UIInterfaceOrientationPortrait UIInterfaceOrientationLandscapeLeft UIInterfaceOrientationLandscapeRight";
				IPHONEOS_DEPLOYMENT_TARGET = 16.0;
				LD_RUNPATH_SEARCH_PATHS = (
					"$(inherited)",
					"@executable_path/Frameworks",
				);
				MARKETING_VERSION = 1.0;
				PRODUCT_BUNDLE_IDENTIFIER = "photoEditing.PhotoEditing-iOS";
				PRODUCT_NAME = "$(TARGET_NAME)";
				SWIFT_EMIT_LOC_STRINGS = YES;
				SWIFT_VERSION = 5.0;
				TARGETED_DEVICE_FAMILY = "1,2";
			};
			name = Debug;
		};
		644696282D5516420001DA58 /* Release */ = {
			isa = XCBuildConfiguration;
			baseConfigurationReference = 2EF6464EB8B6AA2BB9F4364D /* Pods-PhotoEditing-iOS.release.xcconfig */;
			buildSettings = {
				ASSETCATALOG_COMPILER_APPICON_NAME = AppIcon;
				ASSETCATALOG_COMPILER_GLOBAL_ACCENT_COLOR_NAME = AccentColor;
				CODE_SIGN_STYLE = Automatic;
				CURRENT_PROJECT_VERSION = 1;
				DEVELOPMENT_TEAM = V77QWBZR65;
				GENERATE_INFOPLIST_FILE = YES;
				INFOPLIST_FILE = "PhotoEditing-iOS/Info.plist";
				INFOPLIST_KEY_NSPhotoLibraryAddUsageDescription = "Access needed to save photos";
				INFOPLIST_KEY_UIApplicationSupportsIndirectInputEvents = YES;
				INFOPLIST_KEY_UILaunchStoryboardName = LaunchScreen;
				INFOPLIST_KEY_UIMainStoryboardFile = Main;
				INFOPLIST_KEY_UISupportedInterfaceOrientations_iPad = "UIInterfaceOrientationPortrait UIInterfaceOrientationPortraitUpsideDown UIInterfaceOrientationLandscapeLeft UIInterfaceOrientationLandscapeRight";
				INFOPLIST_KEY_UISupportedInterfaceOrientations_iPhone = "UIInterfaceOrientationPortrait UIInterfaceOrientationLandscapeLeft UIInterfaceOrientationLandscapeRight";
				IPHONEOS_DEPLOYMENT_TARGET = 16.0;
				LD_RUNPATH_SEARCH_PATHS = (
					"$(inherited)",
					"@executable_path/Frameworks",
				);
				MARKETING_VERSION = 1.0;
				PRODUCT_BUNDLE_IDENTIFIER = "photoEditing.PhotoEditing-iOS";
				PRODUCT_NAME = "$(TARGET_NAME)";
				SWIFT_EMIT_LOC_STRINGS = YES;
				SWIFT_VERSION = 5.0;
				TARGETED_DEVICE_FAMILY = "1,2";
			};
			name = Release;
		};
/* End XCBuildConfiguration section */

/* Begin XCConfigurationList section */
		6446960D2D5516410001DA58 /* Build configuration list for PBXProject "PhotoEditing-iOS" */ = {
			isa = XCConfigurationList;
			buildConfigurations = (
				644696242D5516420001DA58 /* Debug */,
				644696252D5516420001DA58 /* Release */,
			);
			defaultConfigurationIsVisible = 0;
			defaultConfigurationName = Release;
		};
		644696262D5516420001DA58 /* Build configuration list for PBXNativeTarget "PhotoEditing-iOS" */ = {
			isa = XCConfigurationList;
			buildConfigurations = (
				644696272D5516420001DA58 /* Debug */,
				644696282D5516420001DA58 /* Release */,
			);
			defaultConfigurationIsVisible = 0;
			defaultConfigurationName = Release;
		};
/* End XCConfigurationList section */

/* Begin XCRemoteSwiftPackageReference section */
		44A4856D2E2BC5E80006EB7A /* XCRemoteSwiftPackageReference "PixelEnginePackage" */ = {
			isa = XCRemoteSwiftPackageReference;
			repositoryURL = "https://github.com/khanhuitse05/PixelEnginePackage";
			requirement = {
				kind = upToNextMajorVersion;
				minimumVersion = 1.0.0;
			};
		};
/* End XCRemoteSwiftPackageReference section */

/* Begin XCSwiftPackageProductDependency section */
		44A4856E2E2BC5E80006EB7A /* PixelEnginePackage */ = {
			isa = XCSwiftPackageProductDependency;
			package = 44A4856D2E2BC5E80006EB7A /* XCRemoteSwiftPackageReference "PixelEnginePackage" */;
			productName = PixelEnginePackage;
		};
/* End XCSwiftPackageProductDependency section */
	};
	rootObject = 6446960A2D5516410001DA58 /* Project object */;
}
